// !$*UTF8*$!
{
	archiveVersion = 1;
	classes = {
	};
	objectVersion = 46;
	objects = {

/* Begin PBXBuildFile section */
		E661505718AA862300D37984 /* Foundation.framework in Frameworks */ = {isa = PBXBuildFile; fileRef = E661505618AA862300D37984 /* Foundation.framework */; };
		E661505918AA862300D37984 /* CoreGraphics.framework in Frameworks */ = {isa = PBXBuildFile; fileRef = E661505818AA862300D37984 /* CoreGraphics.framework */; };
		E661505B18AA862300D37984 /* UIKit.framework in Frameworks */ = {isa = PBXBuildFile; fileRef = E661505A18AA862300D37984 /* UIKit.framework */; };
		E661506118AA862300D37984 /* InfoPlist.strings in Resources */ = {isa = PBXBuildFile; fileRef = E661505F18AA862300D37984 /* InfoPlist.strings */; };
		E661506318AA862300D37984 /* main.m in Sources */ = {isa = PBXBuildFile; fileRef = E661506218AA862300D37984 /* main.m */; };
		E661506718AA862300D37984 /* AppDelegate.m in Sources */ = {isa = PBXBuildFile; fileRef = E661506618AA862300D37984 /* AppDelegate.m */; };
		E661506A18AA862300D37984 /* Main_iPhone.storyboard in Resources */ = {isa = PBXBuildFile; fileRef = E661506818AA862300D37984 /* Main_iPhone.storyboard */; };
		E661506D18AA862300D37984 /* Main_iPad.storyboard in Resources */ = {isa = PBXBuildFile; fileRef = E661506B18AA862300D37984 /* Main_iPad.storyboard */; };
		E661507218AA862300D37984 /* Images.xcassets in Resources */ = {isa = PBXBuildFile; fileRef = E661507118AA862300D37984 /* Images.xcassets */; };
		E661507918AA862300D37984 /* XCTest.framework in Frameworks */ = {isa = PBXBuildFile; fileRef = E661507818AA862300D37984 /* XCTest.framework */; };
		E661507A18AA862300D37984 /* Foundation.framework in Frameworks */ = {isa = PBXBuildFile; fileRef = E661505618AA862300D37984 /* Foundation.framework */; };
		E661507B18AA862300D37984 /* UIKit.framework in Frameworks */ = {isa = PBXBuildFile; fileRef = E661505A18AA862300D37984 /* UIKit.framework */; };
		E661508318AA862300D37984 /* InfoPlist.strings in Resources */ = {isa = PBXBuildFile; fileRef = E661508118AA862300D37984 /* InfoPlist.strings */; };
		E661508518AA862300D37984 /* JournalTests.m in Sources */ = {isa = PBXBuildFile; fileRef = E661508418AA862300D37984 /* JournalTests.m */; };
		E661509518AA8A7300D37984 /* KPStandViewController.m in Sources */ = {isa = PBXBuildFile; fileRef = E661509418AA8A7300D37984 /* KPStandViewController.m */; };
		E661509A18AA9D3600D37984 /* KPStandViewCell.m in Sources */ = {isa = PBXBuildFile; fileRef = E661509918AA9D3500D37984 /* KPStandViewCell.m */; };
		E661509E18AA9E7600D37984 /* Journal.xcdatamodeld in Sources */ = {isa = PBXBuildFile; fileRef = E661509C18AA9E7600D37984 /* Journal.xcdatamodeld */; };
		E66150A118AAA6EE00D37984 /* Journal.m in Sources */ = {isa = PBXBuildFile; fileRef = E66150A018AAA6EE00D37984 /* Journal.m */; };
		E66150A318AAAF8100D37984 /* CoreData.framework in Frameworks */ = {isa = PBXBuildFile; fileRef = E66150A218AAAF8100D37984 /* CoreData.framework */; };
		E6C447BD18AAC877003B5F5E /* CGPDFDocument.m in Sources */ = {isa = PBXBuildFile; fileRef = E6C4479618AAC877003B5F5E /* CGPDFDocument.m */; };
		E6C447BE18AAC877003B5F5E /* ReaderConstants.m in Sources */ = {isa = PBXBuildFile; fileRef = E6C4479818AAC877003B5F5E /* ReaderConstants.m */; };
		E6C447BF18AAC877003B5F5E /* ReaderContentPage.m in Sources */ = {isa = PBXBuildFile; fileRef = E6C4479A18AAC877003B5F5E /* ReaderContentPage.m */; };
		E6C447C018AAC877003B5F5E /* ReaderContentTile.m in Sources */ = {isa = PBXBuildFile; fileRef = E6C4479C18AAC877003B5F5E /* ReaderContentTile.m */; };
		E6C447C118AAC877003B5F5E /* ReaderContentView.m in Sources */ = {isa = PBXBuildFile; fileRef = E6C4479E18AAC877003B5F5E /* ReaderContentView.m */; };
		E6C447C218AAC877003B5F5E /* ReaderDocument.m in Sources */ = {isa = PBXBuildFile; fileRef = E6C447A018AAC877003B5F5E /* ReaderDocument.m */; };
		E6C447C318AAC877003B5F5E /* ReaderDocumentOutline.m in Sources */ = {isa = PBXBuildFile; fileRef = E6C447A218AAC877003B5F5E /* ReaderDocumentOutline.m */; };
		E6C447C418AAC877003B5F5E /* ReaderMainPagebar.m in Sources */ = {isa = PBXBuildFile; fileRef = E6C447A418AAC877003B5F5E /* ReaderMainPagebar.m */; };
		E6C447C518AAC877003B5F5E /* ReaderMainToolbar.m in Sources */ = {isa = PBXBuildFile; fileRef = E6C447A618AAC877003B5F5E /* ReaderMainToolbar.m */; };
		E6C447C618AAC877003B5F5E /* ReaderThumbCache.m in Sources */ = {isa = PBXBuildFile; fileRef = E6C447A818AAC877003B5F5E /* ReaderThumbCache.m */; };
		E6C447C718AAC877003B5F5E /* ReaderThumbFetch.m in Sources */ = {isa = PBXBuildFile; fileRef = E6C447AA18AAC877003B5F5E /* ReaderThumbFetch.m */; };
		E6C447C818AAC877003B5F5E /* ReaderThumbQueue.m in Sources */ = {isa = PBXBuildFile; fileRef = E6C447AC18AAC877003B5F5E /* ReaderThumbQueue.m */; };
		E6C447C918AAC877003B5F5E /* ReaderThumbRender.m in Sources */ = {isa = PBXBuildFile; fileRef = E6C447AE18AAC877003B5F5E /* ReaderThumbRender.m */; };
		E6C447CA18AAC877003B5F5E /* ReaderThumbRequest.m in Sources */ = {isa = PBXBuildFile; fileRef = E6C447B018AAC877003B5F5E /* ReaderThumbRequest.m */; };
		E6C447CB18AAC877003B5F5E /* ReaderThumbsView.m in Sources */ = {isa = PBXBuildFile; fileRef = E6C447B218AAC877003B5F5E /* ReaderThumbsView.m */; };
		E6C447CC18AAC877003B5F5E /* ReaderThumbView.m in Sources */ = {isa = PBXBuildFile; fileRef = E6C447B418AAC877003B5F5E /* ReaderThumbView.m */; };
		E6C447CD18AAC877003B5F5E /* ReaderViewController.m in Sources */ = {isa = PBXBuildFile; fileRef = E6C447B618AAC877003B5F5E /* ReaderViewController.m */; };
		E6C447CE18AAC877003B5F5E /* ThumbsMainToolbar.m in Sources */ = {isa = PBXBuildFile; fileRef = E6C447B818AAC877003B5F5E /* ThumbsMainToolbar.m */; };
		E6C447CF18AAC877003B5F5E /* ThumbsViewController.m in Sources */ = {isa = PBXBuildFile; fileRef = E6C447BA18AAC877003B5F5E /* ThumbsViewController.m */; };
		E6C447D018AAC877003B5F5E /* UIXToolbarView.m in Sources */ = {isa = PBXBuildFile; fileRef = E6C447BC18AAC877003B5F5E /* UIXToolbarView.m */; };
		E6C447D318AACB81003B5F5E /* journal0.pdf in Resources */ = {isa = PBXBuildFile; fileRef = E6C447D118AACB81003B5F5E /* journal0.pdf */; };
		E6C447D418AACB81003B5F5E /* journal1.pdf in Resources */ = {isa = PBXBuildFile; fileRef = E6C447D218AACB81003B5F5E /* journal1.pdf */; };
		E6C447D918AB59DB003B5F5E /* Journal+ImagePreview.m in Sources */ = {isa = PBXBuildFile; fileRef = E6C447D818AB59DB003B5F5E /* Journal+ImagePreview.m */; };
		E6C447F218AB6BCC003B5F5E /* AppIcon-057.png in Resources */ = {isa = PBXBuildFile; fileRef = E6C447DC18AB6BCC003B5F5E /* AppIcon-057.png */; };
		E6C447F318AB6BCC003B5F5E /* AppIcon-072.png in Resources */ = {isa = PBXBuildFile; fileRef = E6C447DD18AB6BCC003B5F5E /* AppIcon-072.png */; };
		E6C447F418AB6BCC003B5F5E /* AppIcon-076.png in Resources */ = {isa = PBXBuildFile; fileRef = E6C447DE18AB6BCC003B5F5E /* AppIcon-076.png */; };
		E6C447F518AB6BCC003B5F5E /* AppIcon-114.png in Resources */ = {isa = PBXBuildFile; fileRef = E6C447DF18AB6BCC003B5F5E /* AppIcon-114.png */; };
		E6C447F618AB6BCC003B5F5E /* AppIcon-120.png in Resources */ = {isa = PBXBuildFile; fileRef = E6C447E018AB6BCC003B5F5E /* AppIcon-120.png */; };
		E6C447F718AB6BCC003B5F5E /* AppIcon-144.png in Resources */ = {isa = PBXBuildFile; fileRef = E6C447E118AB6BCC003B5F5E /* AppIcon-144.png */; };
		E6C447F818AB6BCC003B5F5E /* AppIcon-152.png in Resources */ = {isa = PBXBuildFile; fileRef = E6C447E218AB6BCC003B5F5E /* AppIcon-152.png */; };
		E6C447F918AB6BCC003B5F5E /* Default-568h@2x.png in Resources */ = {isa = PBXBuildFile; fileRef = E6C447E318AB6BCC003B5F5E /* Default-568h@2x.png */; };
		E6C447FA18AB6BCC003B5F5E /* Reader-Button-H.png in Resources */ = {isa = PBXBuildFile; fileRef = E6C447E418AB6BCC003B5F5E /* Reader-Button-H.png */; };
		E6C447FB18AB6BCC003B5F5E /* Reader-Button-H@2x.png in Resources */ = {isa = PBXBuildFile; fileRef = E6C447E518AB6BCC003B5F5E /* Reader-Button-H@2x.png */; };
		E6C447FC18AB6BCC003B5F5E /* Reader-Button-N.png in Resources */ = {isa = PBXBuildFile; fileRef = E6C447E618AB6BCC003B5F5E /* Reader-Button-N.png */; };
		E6C447FD18AB6BCC003B5F5E /* Reader-Button-N@2x.png in Resources */ = {isa = PBXBuildFile; fileRef = E6C447E718AB6BCC003B5F5E /* Reader-Button-N@2x.png */; };
		E6C447FE18AB6BCC003B5F5E /* Reader-Email.png in Resources */ = {isa = PBXBuildFile; fileRef = E6C447E818AB6BCC003B5F5E /* Reader-Email.png */; };
		E6C447FF18AB6BCC003B5F5E /* Reader-Email@2x.png in Resources */ = {isa = PBXBuildFile; fileRef = E6C447E918AB6BCC003B5F5E /* Reader-Email@2x.png */; };
		E6C4480018AB6BCC003B5F5E /* Reader-Mark-N.png in Resources */ = {isa = PBXBuildFile; fileRef = E6C447EA18AB6BCC003B5F5E /* Reader-Mark-N.png */; };
		E6C4480118AB6BCC003B5F5E /* Reader-Mark-N@2x.png in Resources */ = {isa = PBXBuildFile; fileRef = E6C447EB18AB6BCC003B5F5E /* Reader-Mark-N@2x.png */; };
		E6C4480218AB6BCC003B5F5E /* Reader-Mark-Y.png in Resources */ = {isa = PBXBuildFile; fileRef = E6C447EC18AB6BCC003B5F5E /* Reader-Mark-Y.png */; };
		E6C4480318AB6BCC003B5F5E /* Reader-Mark-Y@2x.png in Resources */ = {isa = PBXBuildFile; fileRef = E6C447ED18AB6BCC003B5F5E /* Reader-Mark-Y@2x.png */; };
		E6C4480418AB6BCC003B5F5E /* Reader-Print.png in Resources */ = {isa = PBXBuildFile; fileRef = E6C447EE18AB6BCC003B5F5E /* Reader-Print.png */; };
		E6C4480518AB6BCC003B5F5E /* Reader-Print@2x.png in Resources */ = {isa = PBXBuildFile; fileRef = E6C447EF18AB6BCC003B5F5E /* Reader-Print@2x.png */; };
		E6C4480618AB6BCC003B5F5E /* Reader-Thumbs.png in Resources */ = {isa = PBXBuildFile; fileRef = E6C447F018AB6BCC003B5F5E /* Reader-Thumbs.png */; };
		E6C4480718AB6BCC003B5F5E /* Reader-Thumbs@2x.png in Resources */ = {isa = PBXBuildFile; fileRef = E6C447F118AB6BCC003B5F5E /* Reader-Thumbs@2x.png */; };
/* End PBXBuildFile section */

/* Begin PBXContainerItemProxy section */
		E661507C18AA862300D37984 /* PBXContainerItemProxy */ = {
			isa = PBXContainerItemProxy;
			containerPortal = E661504B18AA862300D37984 /* Project object */;
			proxyType = 1;
			remoteGlobalIDString = E661505218AA862300D37984;
			remoteInfo = Journal;
		};
/* End PBXContainerItemProxy section */

/* Begin PBXFileReference section */
		E661505318AA862300D37984 /* Journal.app */ = {isa = PBXFileReference; explicitFileType = wrapper.application; includeInIndex = 0; path = Journal.app; sourceTree = BUILT_PRODUCTS_DIR; };
		E661505618AA862300D37984 /* Foundation.framework */ = {isa = PBXFileReference; lastKnownFileType = wrapper.framework; name = Foundation.framework; path = System/Library/Frameworks/Foundation.framework; sourceTree = SDKROOT; };
		E661505818AA862300D37984 /* CoreGraphics.framework */ = {isa = PBXFileReference; lastKnownFileType = wrapper.framework; name = CoreGraphics.framework; path = System/Library/Frameworks/CoreGraphics.framework; sourceTree = SDKROOT; };
		E661505A18AA862300D37984 /* UIKit.framework */ = {isa = PBXFileReference; lastKnownFileType = wrapper.framework; name = UIKit.framework; path = System/Library/Frameworks/UIKit.framework; sourceTree = SDKROOT; };
		E661505E18AA862300D37984 /* Journal-Info.plist */ = {isa = PBXFileReference; lastKnownFileType = text.plist.xml; path = "Journal-Info.plist"; sourceTree = "<group>"; };
		E661506018AA862300D37984 /* en */ = {isa = PBXFileReference; lastKnownFileType = text.plist.strings; name = en; path = en.lproj/InfoPlist.strings; sourceTree = "<group>"; };
		E661506218AA862300D37984 /* main.m */ = {isa = PBXFileReference; lastKnownFileType = sourcecode.c.objc; path = main.m; sourceTree = "<group>"; };
		E661506418AA862300D37984 /* Journal-Prefix.pch */ = {isa = PBXFileReference; lastKnownFileType = sourcecode.c.h; path = "Journal-Prefix.pch"; sourceTree = "<group>"; };
		E661506518AA862300D37984 /* AppDelegate.h */ = {isa = PBXFileReference; lastKnownFileType = sourcecode.c.h; path = AppDelegate.h; sourceTree = "<group>"; };
		E661506618AA862300D37984 /* AppDelegate.m */ = {isa = PBXFileReference; lastKnownFileType = sourcecode.c.objc; path = AppDelegate.m; sourceTree = "<group>"; };
		E661506918AA862300D37984 /* Base */ = {isa = PBXFileReference; lastKnownFileType = file.storyboard; name = Base; path = Base.lproj/Main_iPhone.storyboard; sourceTree = "<group>"; };
		E661506C18AA862300D37984 /* Base */ = {isa = PBXFileReference; lastKnownFileType = file.storyboard; name = Base; path = Base.lproj/Main_iPad.storyboard; sourceTree = "<group>"; };
		E661507118AA862300D37984 /* Images.xcassets */ = {isa = PBXFileReference; lastKnownFileType = folder.assetcatalog; path = Images.xcassets; sourceTree = "<group>"; };
		E661507718AA862300D37984 /* JournalTests.xctest */ = {isa = PBXFileReference; explicitFileType = wrapper.cfbundle; includeInIndex = 0; path = JournalTests.xctest; sourceTree = BUILT_PRODUCTS_DIR; };
		E661507818AA862300D37984 /* XCTest.framework */ = {isa = PBXFileReference; lastKnownFileType = wrapper.framework; name = XCTest.framework; path = Library/Frameworks/XCTest.framework; sourceTree = DEVELOPER_DIR; };
		E661508018AA862300D37984 /* JournalTests-Info.plist */ = {isa = PBXFileReference; lastKnownFileType = text.plist.xml; path = "JournalTests-Info.plist"; sourceTree = "<group>"; };
		E661508218AA862300D37984 /* en */ = {isa = PBXFileReference; lastKnownFileType = text.plist.strings; name = en; path = en.lproj/InfoPlist.strings; sourceTree = "<group>"; };
		E661508418AA862300D37984 /* JournalTests.m */ = {isa = PBXFileReference; lastKnownFileType = sourcecode.c.objc; path = JournalTests.m; sourceTree = "<group>"; };
		E661509318AA8A7300D37984 /* KPStandViewController.h */ = {isa = PBXFileReference; fileEncoding = 4; lastKnownFileType = sourcecode.c.h; path = KPStandViewController.h; sourceTree = "<group>"; };
		E661509418AA8A7300D37984 /* KPStandViewController.m */ = {isa = PBXFileReference; fileEncoding = 4; lastKnownFileType = sourcecode.c.objc; path = KPStandViewController.m; sourceTree = "<group>"; };
		E661509818AA9D3500D37984 /* KPStandViewCell.h */ = {isa = PBXFileReference; fileEncoding = 4; lastKnownFileType = sourcecode.c.h; path = KPStandViewCell.h; sourceTree = "<group>"; };
		E661509918AA9D3500D37984 /* KPStandViewCell.m */ = {isa = PBXFileReference; fileEncoding = 4; lastKnownFileType = sourcecode.c.objc; path = KPStandViewCell.m; sourceTree = "<group>"; };
		E661509D18AA9E7600D37984 /* Journal.xcdatamodel */ = {isa = PBXFileReference; lastKnownFileType = wrapper.xcdatamodel; path = Journal.xcdatamodel; sourceTree = "<group>"; };
		E661509F18AAA6EE00D37984 /* Journal.h */ = {isa = PBXFileReference; fileEncoding = 4; lastKnownFileType = sourcecode.c.h; path = Journal.h; sourceTree = "<group>"; };
		E66150A018AAA6EE00D37984 /* Journal.m */ = {isa = PBXFileReference; fileEncoding = 4; lastKnownFileType = sourcecode.c.objc; path = Journal.m; sourceTree = "<group>"; };
		E66150A218AAAF8100D37984 /* CoreData.framework */ = {isa = PBXFileReference; lastKnownFileType = wrapper.framework; name = CoreData.framework; path = System/Library/Frameworks/CoreData.framework; sourceTree = SDKROOT; };
		E6C4479518AAC877003B5F5E /* CGPDFDocument.h */ = {isa = PBXFileReference; fileEncoding = 4; lastKnownFileType = sourcecode.c.h; path = CGPDFDocument.h; sourceTree = "<group>"; };
		E6C4479618AAC877003B5F5E /* CGPDFDocument.m */ = {isa = PBXFileReference; fileEncoding = 4; lastKnownFileType = sourcecode.c.objc; path = CGPDFDocument.m; sourceTree = "<group>"; };
		E6C4479718AAC877003B5F5E /* ReaderConstants.h */ = {isa = PBXFileReference; fileEncoding = 4; lastKnownFileType = sourcecode.c.h; path = ReaderConstants.h; sourceTree = "<group>"; };
		E6C4479818AAC877003B5F5E /* ReaderConstants.m */ = {isa = PBXFileReference; fileEncoding = 4; lastKnownFileType = sourcecode.c.objc; path = ReaderConstants.m; sourceTree = "<group>"; };
		E6C4479918AAC877003B5F5E /* ReaderContentPage.h */ = {isa = PBXFileReference; fileEncoding = 4; lastKnownFileType = sourcecode.c.h; path = ReaderContentPage.h; sourceTree = "<group>"; };
		E6C4479A18AAC877003B5F5E /* ReaderContentPage.m */ = {isa = PBXFileReference; fileEncoding = 4; lastKnownFileType = sourcecode.c.objc; path = ReaderContentPage.m; sourceTree = "<group>"; };
		E6C4479B18AAC877003B5F5E /* ReaderContentTile.h */ = {isa = PBXFileReference; fileEncoding = 4; lastKnownFileType = sourcecode.c.h; path = ReaderContentTile.h; sourceTree = "<group>"; };
		E6C4479C18AAC877003B5F5E /* ReaderContentTile.m */ = {isa = PBXFileReference; fileEncoding = 4; lastKnownFileType = sourcecode.c.objc; path = ReaderContentTile.m; sourceTree = "<group>"; };
		E6C4479D18AAC877003B5F5E /* ReaderContentView.h */ = {isa = PBXFileReference; fileEncoding = 4; lastKnownFileType = sourcecode.c.h; path = ReaderContentView.h; sourceTree = "<group>"; };
		E6C4479E18AAC877003B5F5E /* ReaderContentView.m */ = {isa = PBXFileReference; fileEncoding = 4; lastKnownFileType = sourcecode.c.objc; path = ReaderContentView.m; sourceTree = "<group>"; };
		E6C4479F18AAC877003B5F5E /* ReaderDocument.h */ = {isa = PBXFileReference; fileEncoding = 4; lastKnownFileType = sourcecode.c.h; path = ReaderDocument.h; sourceTree = "<group>"; };
		E6C447A018AAC877003B5F5E /* ReaderDocument.m */ = {isa = PBXFileReference; fileEncoding = 4; lastKnownFileType = sourcecode.c.objc; path = ReaderDocument.m; sourceTree = "<group>"; };
		E6C447A118AAC877003B5F5E /* ReaderDocumentOutline.h */ = {isa = PBXFileReference; fileEncoding = 4; lastKnownFileType = sourcecode.c.h; path = ReaderDocumentOutline.h; sourceTree = "<group>"; };
		E6C447A218AAC877003B5F5E /* ReaderDocumentOutline.m */ = {isa = PBXFileReference; fileEncoding = 4; lastKnownFileType = sourcecode.c.objc; path = ReaderDocumentOutline.m; sourceTree = "<group>"; };
		E6C447A318AAC877003B5F5E /* ReaderMainPagebar.h */ = {isa = PBXFileReference; fileEncoding = 4; lastKnownFileType = sourcecode.c.h; path = ReaderMainPagebar.h; sourceTree = "<group>"; };
		E6C447A418AAC877003B5F5E /* ReaderMainPagebar.m */ = {isa = PBXFileReference; fileEncoding = 4; lastKnownFileType = sourcecode.c.objc; path = ReaderMainPagebar.m; sourceTree = "<group>"; };
		E6C447A518AAC877003B5F5E /* ReaderMainToolbar.h */ = {isa = PBXFileReference; fileEncoding = 4; lastKnownFileType = sourcecode.c.h; path = ReaderMainToolbar.h; sourceTree = "<group>"; };
		E6C447A618AAC877003B5F5E /* ReaderMainToolbar.m */ = {isa = PBXFileReference; fileEncoding = 4; lastKnownFileType = sourcecode.c.objc; path = ReaderMainToolbar.m; sourceTree = "<group>"; };
		E6C447A718AAC877003B5F5E /* ReaderThumbCache.h */ = {isa = PBXFileReference; fileEncoding = 4; lastKnownFileType = sourcecode.c.h; path = ReaderThumbCache.h; sourceTree = "<group>"; };
		E6C447A818AAC877003B5F5E /* ReaderThumbCache.m */ = {isa = PBXFileReference; fileEncoding = 4; lastKnownFileType = sourcecode.c.objc; path = ReaderThumbCache.m; sourceTree = "<group>"; };
		E6C447A918AAC877003B5F5E /* ReaderThumbFetch.h */ = {isa = PBXFileReference; fileEncoding = 4; lastKnownFileType = sourcecode.c.h; path = ReaderThumbFetch.h; sourceTree = "<group>"; };
		E6C447AA18AAC877003B5F5E /* ReaderThumbFetch.m */ = {isa = PBXFileReference; fileEncoding = 4; lastKnownFileType = sourcecode.c.objc; path = ReaderThumbFetch.m; sourceTree = "<group>"; };
		E6C447AB18AAC877003B5F5E /* ReaderThumbQueue.h */ = {isa = PBXFileReference; fileEncoding = 4; lastKnownFileType = sourcecode.c.h; path = ReaderThumbQueue.h; sourceTree = "<group>"; };
		E6C447AC18AAC877003B5F5E /* ReaderThumbQueue.m */ = {isa = PBXFileReference; fileEncoding = 4; lastKnownFileType = sourcecode.c.objc; path = ReaderThumbQueue.m; sourceTree = "<group>"; };
		E6C447AD18AAC877003B5F5E /* ReaderThumbRender.h */ = {isa = PBXFileReference; fileEncoding = 4; lastKnownFileType = sourcecode.c.h; path = ReaderThumbRender.h; sourceTree = "<group>"; };
		E6C447AE18AAC877003B5F5E /* ReaderThumbRender.m */ = {isa = PBXFileReference; fileEncoding = 4; lastKnownFileType = sourcecode.c.objc; path = ReaderThumbRender.m; sourceTree = "<group>"; };
		E6C447AF18AAC877003B5F5E /* ReaderThumbRequest.h */ = {isa = PBXFileReference; fileEncoding = 4; lastKnownFileType = sourcecode.c.h; path = ReaderThumbRequest.h; sourceTree = "<group>"; };
		E6C447B018AAC877003B5F5E /* ReaderThumbRequest.m */ = {isa = PBXFileReference; fileEncoding = 4; lastKnownFileType = sourcecode.c.objc; path = ReaderThumbRequest.m; sourceTree = "<group>"; };
		E6C447B118AAC877003B5F5E /* ReaderThumbsView.h */ = {isa = PBXFileReference; fileEncoding = 4; lastKnownFileType = sourcecode.c.h; path = ReaderThumbsView.h; sourceTree = "<group>"; };
		E6C447B218AAC877003B5F5E /* ReaderThumbsView.m */ = {isa = PBXFileReference; fileEncoding = 4; lastKnownFileType = sourcecode.c.objc; path = ReaderThumbsView.m; sourceTree = "<group>"; };
		E6C447B318AAC877003B5F5E /* ReaderThumbView.h */ = {isa = PBXFileReference; fileEncoding = 4; lastKnownFileType = sourcecode.c.h; path = ReaderThumbView.h; sourceTree = "<group>"; };
		E6C447B418AAC877003B5F5E /* ReaderThumbView.m */ = {isa = PBXFileReference; fileEncoding = 4; lastKnownFileType = sourcecode.c.objc; path = ReaderThumbView.m; sourceTree = "<group>"; };
		E6C447B518AAC877003B5F5E /* ReaderViewController.h */ = {isa = PBXFileReference; fileEncoding = 4; lastKnownFileType = sourcecode.c.h; path = ReaderViewController.h; sourceTree = "<group>"; };
		E6C447B618AAC877003B5F5E /* ReaderViewController.m */ = {isa = PBXFileReference; fileEncoding = 4; lastKnownFileType = sourcecode.c.objc; path = ReaderViewController.m; sourceTree = "<group>"; };
		E6C447B718AAC877003B5F5E /* ThumbsMainToolbar.h */ = {isa = PBXFileReference; fileEncoding = 4; lastKnownFileType = sourcecode.c.h; path = ThumbsMainToolbar.h; sourceTree = "<group>"; };
		E6C447B818AAC877003B5F5E /* ThumbsMainToolbar.m */ = {isa = PBXFileReference; fileEncoding = 4; lastKnownFileType = sourcecode.c.objc; path = ThumbsMainToolbar.m; sourceTree = "<group>"; };
		E6C447B918AAC877003B5F5E /* ThumbsViewController.h */ = {isa = PBXFileReference; fileEncoding = 4; lastKnownFileType = sourcecode.c.h; path = ThumbsViewController.h; sourceTree = "<group>"; };
		E6C447BA18AAC877003B5F5E /* ThumbsViewController.m */ = {isa = PBXFileReference; fileEncoding = 4; lastKnownFileType = sourcecode.c.objc; path = ThumbsViewController.m; sourceTree = "<group>"; };
		E6C447BB18AAC877003B5F5E /* UIXToolbarView.h */ = {isa = PBXFileReference; fileEncoding = 4; lastKnownFileType = sourcecode.c.h; path = UIXToolbarView.h; sourceTree = "<group>"; };
		E6C447BC18AAC877003B5F5E /* UIXToolbarView.m */ = {isa = PBXFileReference; fileEncoding = 4; lastKnownFileType = sourcecode.c.objc; path = UIXToolbarView.m; sourceTree = "<group>"; };
		E6C447D118AACB81003B5F5E /* journal0.pdf */ = {isa = PBXFileReference; lastKnownFileType = image.pdf; path = journal0.pdf; sourceTree = "<group>"; };
		E6C447D218AACB81003B5F5E /* journal1.pdf */ = {isa = PBXFileReference; lastKnownFileType = image.pdf; path = journal1.pdf; sourceTree = "<group>"; };
		E6C447D518AACBA3003B5F5E /* journal0.pdf */ = {isa = PBXFileReference; lastKnownFileType = image.pdf; name = journal0.pdf; path = Journal/journal0.pdf; sourceTree = "<group>"; };
		E6C447D618AACBA3003B5F5E /* journal1.pdf */ = {isa = PBXFileReference; lastKnownFileType = image.pdf; name = journal1.pdf; path = Journal/journal1.pdf; sourceTree = "<group>"; };
		E6C447D718AB59DB003B5F5E /* Journal+ImagePreview.h */ = {isa = PBXFileReference; fileEncoding = 4; lastKnownFileType = sourcecode.c.h; path = "Journal+ImagePreview.h"; sourceTree = "<group>"; };
		E6C447D818AB59DB003B5F5E /* Journal+ImagePreview.m */ = {isa = PBXFileReference; fileEncoding = 4; lastKnownFileType = sourcecode.c.objc; path = "Journal+ImagePreview.m"; sourceTree = "<group>"; };
		E6C447DC18AB6BCC003B5F5E /* AppIcon-057.png */ = {isa = PBXFileReference; lastKnownFileType = image.png; path = "AppIcon-057.png"; sourceTree = "<group>"; };
		E6C447DD18AB6BCC003B5F5E /* AppIcon-072.png */ = {isa = PBXFileReference; lastKnownFileType = image.png; path = "AppIcon-072.png"; sourceTree = "<group>"; };
		E6C447DE18AB6BCC003B5F5E /* AppIcon-076.png */ = {isa = PBXFileReference; lastKnownFileType = image.png; path = "AppIcon-076.png"; sourceTree = "<group>"; };
		E6C447DF18AB6BCC003B5F5E /* AppIcon-114.png */ = {isa = PBXFileReference; lastKnownFileType = image.png; path = "AppIcon-114.png"; sourceTree = "<group>"; };
		E6C447E018AB6BCC003B5F5E /* AppIcon-120.png */ = {isa = PBXFileReference; lastKnownFileType = image.png; path = "AppIcon-120.png"; sourceTree = "<group>"; };
		E6C447E118AB6BCC003B5F5E /* AppIcon-144.png */ = {isa = PBXFileReference; lastKnownFileType = image.png; path = "AppIcon-144.png"; sourceTree = "<group>"; };
		E6C447E218AB6BCC003B5F5E /* AppIcon-152.png */ = {isa = PBXFileReference; lastKnownFileType = image.png; path = "AppIcon-152.png"; sourceTree = "<group>"; };
		E6C447E318AB6BCC003B5F5E /* Default-568h@2x.png */ = {isa = PBXFileReference; lastKnownFileType = image.png; path = "Default-568h@2x.png"; sourceTree = "<group>"; };
		E6C447E418AB6BCC003B5F5E /* Reader-Button-H.png */ = {isa = PBXFileReference; lastKnownFileType = image.png; path = "Reader-Button-H.png"; sourceTree = "<group>"; };
		E6C447E518AB6BCC003B5F5E /* Reader-Button-H@2x.png */ = {isa = PBXFileReference; lastKnownFileType = image.png; path = "Reader-Button-H@2x.png"; sourceTree = "<group>"; };
		E6C447E618AB6BCC003B5F5E /* Reader-Button-N.png */ = {isa = PBXFileReference; lastKnownFileType = image.png; path = "Reader-Button-N.png"; sourceTree = "<group>"; };
		E6C447E718AB6BCC003B5F5E /* Reader-Button-N@2x.png */ = {isa = PBXFileReference; lastKnownFileType = image.png; path = "Reader-Button-N@2x.png"; sourceTree = "<group>"; };
		E6C447E818AB6BCC003B5F5E /* Reader-Email.png */ = {isa = PBXFileReference; lastKnownFileType = image.png; path = "Reader-Email.png"; sourceTree = "<group>"; };
		E6C447E918AB6BCC003B5F5E /* Reader-Email@2x.png */ = {isa = PBXFileReference; lastKnownFileType = image.png; path = "Reader-Email@2x.png"; sourceTree = "<group>"; };
		E6C447EA18AB6BCC003B5F5E /* Reader-Mark-N.png */ = {isa = PBXFileReference; lastKnownFileType = image.png; path = "Reader-Mark-N.png"; sourceTree = "<group>"; };
		E6C447EB18AB6BCC003B5F5E /* Reader-Mark-N@2x.png */ = {isa = PBXFileReference; lastKnownFileType = image.png; path = "Reader-Mark-N@2x.png"; sourceTree = "<group>"; };
		E6C447EC18AB6BCC003B5F5E /* Reader-Mark-Y.png */ = {isa = PBXFileReference; lastKnownFileType = image.png; path = "Reader-Mark-Y.png"; sourceTree = "<group>"; };
		E6C447ED18AB6BCC003B5F5E /* Reader-Mark-Y@2x.png */ = {isa = PBXFileReference; lastKnownFileType = image.png; path = "Reader-Mark-Y@2x.png"; sourceTree = "<group>"; };
		E6C447EE18AB6BCC003B5F5E /* Reader-Print.png */ = {isa = PBXFileReference; lastKnownFileType = image.png; path = "Reader-Print.png"; sourceTree = "<group>"; };
		E6C447EF18AB6BCC003B5F5E /* Reader-Print@2x.png */ = {isa = PBXFileReference; lastKnownFileType = image.png; path = "Reader-Print@2x.png"; sourceTree = "<group>"; };
		E6C447F018AB6BCC003B5F5E /* Reader-Thumbs.png */ = {isa = PBXFileReference; lastKnownFileType = image.png; path = "Reader-Thumbs.png"; sourceTree = "<group>"; };
		E6C447F118AB6BCC003B5F5E /* Reader-Thumbs@2x.png */ = {isa = PBXFileReference; lastKnownFileType = image.png; path = "Reader-Thumbs@2x.png"; sourceTree = "<group>"; };
/* End PBXFileReference section */

/* Begin PBXFrameworksBuildPhase section */
		E661505018AA862300D37984 /* Frameworks */ = {
			isa = PBXFrameworksBuildPhase;
			buildActionMask = 2147483647;
			files = (
				E66150A318AAAF8100D37984 /* CoreData.framework in Frameworks */,
				E661505918AA862300D37984 /* CoreGraphics.framework in Frameworks */,
				E661505B18AA862300D37984 /* UIKit.framework in Frameworks */,
				E661505718AA862300D37984 /* Foundation.framework in Frameworks */,
			);
			runOnlyForDeploymentPostprocessing = 0;
		};
		E661507418AA862300D37984 /* Frameworks */ = {
			isa = PBXFrameworksBuildPhase;
			buildActionMask = 2147483647;
			files = (
				E661507918AA862300D37984 /* XCTest.framework in Frameworks */,
				E661507B18AA862300D37984 /* UIKit.framework in Frameworks */,
				E661507A18AA862300D37984 /* Foundation.framework in Frameworks */,
			);
			runOnlyForDeploymentPostprocessing = 0;
		};
/* End PBXFrameworksBuildPhase section */

/* Begin PBXGroup section */
		E661504A18AA862300D37984 = {
			isa = PBXGroup;
			children = (
				E6C447D518AACBA3003B5F5E /* journal0.pdf */,
				E6C447D618AACBA3003B5F5E /* journal1.pdf */,
				E6C4479418AAC877003B5F5E /* Reader */,
				E661505C18AA862300D37984 /* Journal */,
				E661507E18AA862300D37984 /* JournalTests */,
				E661505518AA862300D37984 /* Frameworks */,
				E661505418AA862300D37984 /* Products */,
			);
			sourceTree = "<group>";
		};
		E661505418AA862300D37984 /* Products */ = {
			isa = PBXGroup;
			children = (
				E661505318AA862300D37984 /* Journal.app */,
				E661507718AA862300D37984 /* JournalTests.xctest */,
			);
			name = Products;
			sourceTree = "<group>";
		};
		E661505518AA862300D37984 /* Frameworks */ = {
			isa = PBXGroup;
			children = (
				E66150A218AAAF8100D37984 /* CoreData.framework */,
				E661505618AA862300D37984 /* Foundation.framework */,
				E661505818AA862300D37984 /* CoreGraphics.framework */,
				E661505A18AA862300D37984 /* UIKit.framework */,
				E661507818AA862300D37984 /* XCTest.framework */,
			);
			name = Frameworks;
			sourceTree = "<group>";
		};
		E661505C18AA862300D37984 /* Journal */ = {
			isa = PBXGroup;
			children = (
				E661506518AA862300D37984 /* AppDelegate.h */,
				E661506618AA862300D37984 /* AppDelegate.m */,
				E661509618AA9C9000D37984 /* Stand */,
				E661509718AA9C9F00D37984 /* Cells */,
				E661509B18AA9E5600D37984 /* CoreData Entities */,
				E6C447DA18AB59DF003B5F5E /* Categories */,
				E661506818AA862300D37984 /* Main_iPhone.storyboard */,
				E661506B18AA862300D37984 /* Main_iPad.storyboard */,
				E661507118AA862300D37984 /* Images.xcassets */,
				E661509C18AA9E7600D37984 /* Journal.xcdatamodeld */,
				E661505D18AA862300D37984 /* Supporting Files */,
			);
			path = Journal;
			sourceTree = "<group>";
		};
		E661505D18AA862300D37984 /* Supporting Files */ = {
			isa = PBXGroup;
			children = (
				E6C447D118AACB81003B5F5E /* journal0.pdf */,
				E6C447D218AACB81003B5F5E /* journal1.pdf */,
				E661505E18AA862300D37984 /* Journal-Info.plist */,
				E661505F18AA862300D37984 /* InfoPlist.strings */,
				E661506218AA862300D37984 /* main.m */,
				E661506418AA862300D37984 /* Journal-Prefix.pch */,
			);
			name = "Supporting Files";
			sourceTree = "<group>";
		};
		E661507E18AA862300D37984 /* JournalTests */ = {
			isa = PBXGroup;
			children = (
				E661508418AA862300D37984 /* JournalTests.m */,
				E661507F18AA862300D37984 /* Supporting Files */,
			);
			path = JournalTests;
			sourceTree = "<group>";
		};
		E661507F18AA862300D37984 /* Supporting Files */ = {
			isa = PBXGroup;
			children = (
				E661508018AA862300D37984 /* JournalTests-Info.plist */,
				E661508118AA862300D37984 /* InfoPlist.strings */,
			);
			name = "Supporting Files";
			sourceTree = "<group>";
		};
		E661509618AA9C9000D37984 /* Stand */ = {
			isa = PBXGroup;
			children = (
				E661509318AA8A7300D37984 /* KPStandViewController.h */,
				E661509418AA8A7300D37984 /* KPStandViewController.m */,
			);
			name = Stand;
			sourceTree = "<group>";
		};
		E661509718AA9C9F00D37984 /* Cells */ = {
			isa = PBXGroup;
			children = (
				E661509818AA9D3500D37984 /* KPStandViewCell.h */,
				E661509918AA9D3500D37984 /* KPStandViewCell.m */,
			);
			name = Cells;
			sourceTree = "<group>";
		};
		E661509B18AA9E5600D37984 /* CoreData Entities */ = {
			isa = PBXGroup;
			children = (
				E661509F18AAA6EE00D37984 /* Journal.h */,
				E66150A018AAA6EE00D37984 /* Journal.m */,
			);
			name = "CoreData Entities";
			sourceTree = "<group>";
		};
		E6C4479418AAC877003B5F5E /* Reader */ = {
			isa = PBXGroup;
			children = (
				E6C447DB18AB6BCC003B5F5E /* Graphics */,
				E6C4479518AAC877003B5F5E /* CGPDFDocument.h */,
				E6C4479618AAC877003B5F5E /* CGPDFDocument.m */,
				E6C4479718AAC877003B5F5E /* ReaderConstants.h */,
				E6C4479818AAC877003B5F5E /* ReaderConstants.m */,
				E6C4479918AAC877003B5F5E /* ReaderContentPage.h */,
				E6C4479A18AAC877003B5F5E /* ReaderContentPage.m */,
				E6C4479B18AAC877003B5F5E /* ReaderContentTile.h */,
				E6C4479C18AAC877003B5F5E /* ReaderContentTile.m */,
				E6C4479D18AAC877003B5F5E /* ReaderContentView.h */,
				E6C4479E18AAC877003B5F5E /* ReaderContentView.m */,
				E6C4479F18AAC877003B5F5E /* ReaderDocument.h */,
				E6C447A018AAC877003B5F5E /* ReaderDocument.m */,
				E6C447A118AAC877003B5F5E /* ReaderDocumentOutline.h */,
				E6C447A218AAC877003B5F5E /* ReaderDocumentOutline.m */,
				E6C447A318AAC877003B5F5E /* ReaderMainPagebar.h */,
				E6C447A418AAC877003B5F5E /* ReaderMainPagebar.m */,
				E6C447A518AAC877003B5F5E /* ReaderMainToolbar.h */,
				E6C447A618AAC877003B5F5E /* ReaderMainToolbar.m */,
				E6C447A718AAC877003B5F5E /* ReaderThumbCache.h */,
				E6C447A818AAC877003B5F5E /* ReaderThumbCache.m */,
				E6C447A918AAC877003B5F5E /* ReaderThumbFetch.h */,
				E6C447AA18AAC877003B5F5E /* ReaderThumbFetch.m */,
				E6C447AB18AAC877003B5F5E /* ReaderThumbQueue.h */,
				E6C447AC18AAC877003B5F5E /* ReaderThumbQueue.m */,
				E6C447AD18AAC877003B5F5E /* ReaderThumbRender.h */,
				E6C447AE18AAC877003B5F5E /* ReaderThumbRender.m */,
				E6C447AF18AAC877003B5F5E /* ReaderThumbRequest.h */,
				E6C447B018AAC877003B5F5E /* ReaderThumbRequest.m */,
				E6C447B118AAC877003B5F5E /* ReaderThumbsView.h */,
				E6C447B218AAC877003B5F5E /* ReaderThumbsView.m */,
				E6C447B318AAC877003B5F5E /* ReaderThumbView.h */,
				E6C447B418AAC877003B5F5E /* ReaderThumbView.m */,
				E6C447B518AAC877003B5F5E /* ReaderViewController.h */,
				E6C447B618AAC877003B5F5E /* ReaderViewController.m */,
				E6C447B718AAC877003B5F5E /* ThumbsMainToolbar.h */,
				E6C447B818AAC877003B5F5E /* ThumbsMainToolbar.m */,
				E6C447B918AAC877003B5F5E /* ThumbsViewController.h */,
				E6C447BA18AAC877003B5F5E /* ThumbsViewController.m */,
				E6C447BB18AAC877003B5F5E /* UIXToolbarView.h */,
				E6C447BC18AAC877003B5F5E /* UIXToolbarView.m */,
			);
			name = Reader;
			path = Reader/Sources;
			sourceTree = "<group>";
		};
		E6C447DA18AB59DF003B5F5E /* Categories */ = {
			isa = PBXGroup;
			children = (
				E6C447D718AB59DB003B5F5E /* Journal+ImagePreview.h */,
				E6C447D818AB59DB003B5F5E /* Journal+ImagePreview.m */,
			);
			name = Categories;
			sourceTree = "<group>";
		};
		E6C447DB18AB6BCC003B5F5E /* Graphics */ = {
			isa = PBXGroup;
			children = (
				E6C447DC18AB6BCC003B5F5E /* AppIcon-057.png */,
				E6C447DD18AB6BCC003B5F5E /* AppIcon-072.png */,
				E6C447DE18AB6BCC003B5F5E /* AppIcon-076.png */,
				E6C447DF18AB6BCC003B5F5E /* AppIcon-114.png */,
				E6C447E018AB6BCC003B5F5E /* AppIcon-120.png */,
				E6C447E118AB6BCC003B5F5E /* AppIcon-144.png */,
				E6C447E218AB6BCC003B5F5E /* AppIcon-152.png */,
				E6C447E318AB6BCC003B5F5E /* Default-568h@2x.png */,
				E6C447E418AB6BCC003B5F5E /* Reader-Button-H.png */,
				E6C447E518AB6BCC003B5F5E /* Reader-Button-H@2x.png */,
				E6C447E618AB6BCC003B5F5E /* Reader-Button-N.png */,
				E6C447E718AB6BCC003B5F5E /* Reader-Button-N@2x.png */,
				E6C447E818AB6BCC003B5F5E /* Reader-Email.png */,
				E6C447E918AB6BCC003B5F5E /* Reader-Email@2x.png */,
				E6C447EA18AB6BCC003B5F5E /* Reader-Mark-N.png */,
				E6C447EB18AB6BCC003B5F5E /* Reader-Mark-N@2x.png */,
				E6C447EC18AB6BCC003B5F5E /* Reader-Mark-Y.png */,
				E6C447ED18AB6BCC003B5F5E /* Reader-Mark-Y@2x.png */,
				E6C447EE18AB6BCC003B5F5E /* Reader-Print.png */,
				E6C447EF18AB6BCC003B5F5E /* Reader-Print@2x.png */,
				E6C447F018AB6BCC003B5F5E /* Reader-Thumbs.png */,
				E6C447F118AB6BCC003B5F5E /* Reader-Thumbs@2x.png */,
			);
			path = Graphics;
			sourceTree = "<group>";
		};
/* End PBXGroup section */

/* Begin PBXNativeTarget section */
		E661505218AA862300D37984 /* Journal */ = {
			isa = PBXNativeTarget;
			buildConfigurationList = E661508818AA862300D37984 /* Build configuration list for PBXNativeTarget "Journal" */;
			buildPhases = (
				E661504F18AA862300D37984 /* Sources */,
				E661505018AA862300D37984 /* Frameworks */,
				E661505118AA862300D37984 /* Resources */,
			);
			buildRules = (
			);
			dependencies = (
			);
			name = Journal;
			productName = Journal;
			productReference = E661505318AA862300D37984 /* Journal.app */;
			productType = "com.apple.product-type.application";
		};
		E661507618AA862300D37984 /* JournalTests */ = {
			isa = PBXNativeTarget;
			buildConfigurationList = E661508B18AA862300D37984 /* Build configuration list for PBXNativeTarget "JournalTests" */;
			buildPhases = (
				E661507318AA862300D37984 /* Sources */,
				E661507418AA862300D37984 /* Frameworks */,
				E661507518AA862300D37984 /* Resources */,
			);
			buildRules = (
			);
			dependencies = (
				E661507D18AA862300D37984 /* PBXTargetDependency */,
			);
			name = JournalTests;
			productName = JournalTests;
			productReference = E661507718AA862300D37984 /* JournalTests.xctest */;
			productType = "com.apple.product-type.bundle.unit-test";
		};
/* End PBXNativeTarget section */

/* Begin PBXProject section */
		E661504B18AA862300D37984 /* Project object */ = {
			isa = PBXProject;
			attributes = {
				LastUpgradeCheck = 0500;
				ORGANIZATIONNAME = Applifto;
				TargetAttributes = {
					E661507618AA862300D37984 = {
						TestTargetID = E661505218AA862300D37984;
					};
				};
			};
			buildConfigurationList = E661504E18AA862300D37984 /* Build configuration list for PBXProject "Journal" */;
			compatibilityVersion = "Xcode 3.2";
			developmentRegion = English;
			hasScannedForEncodings = 0;
			knownRegions = (
				en,
				Base,
			);
			mainGroup = E661504A18AA862300D37984;
			productRefGroup = E661505418AA862300D37984 /* Products */;
			projectDirPath = "";
			projectRoot = "";
			targets = (
				E661505218AA862300D37984 /* Journal */,
				E661507618AA862300D37984 /* JournalTests */,
			);
		};
/* End PBXProject section */

/* Begin PBXResourcesBuildPhase section */
		E661505118AA862300D37984 /* Resources */ = {
			isa = PBXResourcesBuildPhase;
			buildActionMask = 2147483647;
			files = (
				E6C447D318AACB81003B5F5E /* journal0.pdf in Resources */,
				E6C447D418AACB81003B5F5E /* journal1.pdf in Resources */,
				E6C4480218AB6BCC003B5F5E /* Reader-Mark-Y.png in Resources */,
				E6C4480418AB6BCC003B5F5E /* Reader-Print.png in Resources */,
				E6C4480018AB6BCC003B5F5E /* Reader-Mark-N.png in Resources */,
				E6C4480118AB6BCC003B5F5E /* Reader-Mark-N@2x.png in Resources */,
				E6C447FD18AB6BCC003B5F5E /* Reader-Button-N@2x.png in Resources */,
				E6C447F818AB6BCC003B5F5E /* AppIcon-152.png in Resources */,
				E6C447F718AB6BCC003B5F5E /* AppIcon-144.png in Resources */,
				E6C447FB18AB6BCC003B5F5E /* Reader-Button-H@2x.png in Resources */,
				E6C447F318AB6BCC003B5F5E /* AppIcon-072.png in Resources */,
				E6C4480618AB6BCC003B5F5E /* Reader-Thumbs.png in Resources */,
				E6C4480718AB6BCC003B5F5E /* Reader-Thumbs@2x.png in Resources */,
				E6C447F918AB6BCC003B5F5E /* Default-568h@2x.png in Resources */,
				E6C447F618AB6BCC003B5F5E /* AppIcon-120.png in Resources */,
				E6C447F518AB6BCC003B5F5E /* AppIcon-114.png in Resources */,
				E661506D18AA862300D37984 /* Main_iPad.storyboard in Resources */,
				E6C447FA18AB6BCC003B5F5E /* Reader-Button-H.png in Resources */,
				E6C447FF18AB6BCC003B5F5E /* Reader-Email@2x.png in Resources */,
				E6C447F218AB6BCC003B5F5E /* AppIcon-057.png in Resources */,
				E661507218AA862300D37984 /* Images.xcassets in Resources */,
				E6C4480318AB6BCC003B5F5E /* Reader-Mark-Y@2x.png in Resources */,
				E6C447FC18AB6BCC003B5F5E /* Reader-Button-N.png in Resources */,
				E6C447FE18AB6BCC003B5F5E /* Reader-Email.png in Resources */,
				E6C447F418AB6BCC003B5F5E /* AppIcon-076.png in Resources */,
				E6C4480518AB6BCC003B5F5E /* Reader-Print@2x.png in Resources */,
				E661506A18AA862300D37984 /* Main_iPhone.storyboard in Resources */,
				E661506118AA862300D37984 /* InfoPlist.strings in Resources */,
			);
			runOnlyForDeploymentPostprocessing = 0;
		};
		E661507518AA862300D37984 /* Resources */ = {
			isa = PBXResourcesBuildPhase;
			buildActionMask = 2147483647;
			files = (
				E661508318AA862300D37984 /* InfoPlist.strings in Resources */,
			);
			runOnlyForDeploymentPostprocessing = 0;
		};
/* End PBXResourcesBuildPhase section */

/* Begin PBXSourcesBuildPhase section */
		E661504F18AA862300D37984 /* Sources */ = {
			isa = PBXSourcesBuildPhase;
			buildActionMask = 2147483647;
			files = (
				E661509A18AA9D3600D37984 /* KPStandViewCell.m in Sources */,
				E6C447CE18AAC877003B5F5E /* ThumbsMainToolbar.m in Sources */,
				E66150A118AAA6EE00D37984 /* Journal.m in Sources */,
				E6C447CF18AAC877003B5F5E /* ThumbsViewController.m in Sources */,
				E661509E18AA9E7600D37984 /* Journal.xcdatamodeld in Sources */,
				E6C447C118AAC877003B5F5E /* ReaderContentView.m in Sources */,
				E6C447C618AAC877003B5F5E /* ReaderThumbCache.m in Sources */,
				E6C447C418AAC877003B5F5E /* ReaderMainPagebar.m in Sources */,
				E6C447BD18AAC877003B5F5E /* CGPDFDocument.m in Sources */,
				E6C447C218AAC877003B5F5E /* ReaderDocument.m in Sources */,
				E6C447CC18AAC877003B5F5E /* ReaderThumbView.m in Sources */,
				E6C447CB18AAC877003B5F5E /* ReaderThumbsView.m in Sources */,
				E6C447BF18AAC877003B5F5E /* ReaderContentPage.m in Sources */,
				E6C447C818AAC877003B5F5E /* ReaderThumbQueue.m in Sources */,
				E6C447BE18AAC877003B5F5E /* ReaderConstants.m in Sources */,
				E6C447CA18AAC877003B5F5E /* ReaderThumbRequest.m in Sources */,
				E6C447D918AB59DB003B5F5E /* Journal+ImagePreview.m in Sources */,
				E6C447C718AAC877003B5F5E /* ReaderThumbFetch.m in Sources */,
				E6C447CD18AAC877003B5F5E /* ReaderViewController.m in Sources */,
				E6C447C318AAC877003B5F5E /* ReaderDocumentOutline.m in Sources */,
				E661506718AA862300D37984 /* AppDelegate.m in Sources */,
				E661509518AA8A7300D37984 /* KPStandViewController.m in Sources */,
				E6C447D018AAC877003B5F5E /* UIXToolbarView.m in Sources */,
				E6C447C018AAC877003B5F5E /* ReaderContentTile.m in Sources */,
				E6C447C918AAC877003B5F5E /* ReaderThumbRender.m in Sources */,
				E6C447C518AAC877003B5F5E /* ReaderMainToolbar.m in Sources */,
				E661506318AA862300D37984 /* main.m in Sources */,
			);
			runOnlyForDeploymentPostprocessing = 0;
		};
		E661507318AA862300D37984 /* Sources */ = {
			isa = PBXSourcesBuildPhase;
			buildActionMask = 2147483647;
			files = (
				E661508518AA862300D37984 /* JournalTests.m in Sources */,
			);
			runOnlyForDeploymentPostprocessing = 0;
		};
/* End PBXSourcesBuildPhase section */

/* Begin PBXTargetDependency section */
		E661507D18AA862300D37984 /* PBXTargetDependency */ = {
			isa = PBXTargetDependency;
			target = E661505218AA862300D37984 /* Journal */;
			targetProxy = E661507C18AA862300D37984 /* PBXContainerItemProxy */;
		};
/* End PBXTargetDependency section */

/* Begin PBXVariantGroup section */
		E661505F18AA862300D37984 /* InfoPlist.strings */ = {
			isa = PBXVariantGroup;
			children = (
				E661506018AA862300D37984 /* en */,
			);
			name = InfoPlist.strings;
			sourceTree = "<group>";
		};
		E661506818AA862300D37984 /* Main_iPhone.storyboard */ = {
			isa = PBXVariantGroup;
			children = (
				E661506918AA862300D37984 /* Base */,
			);
			name = Main_iPhone.storyboard;
			sourceTree = "<group>";
		};
		E661506B18AA862300D37984 /* Main_iPad.storyboard */ = {
			isa = PBXVariantGroup;
			children = (
				E661506C18AA862300D37984 /* Base */,
			);
			name = Main_iPad.storyboard;
			sourceTree = "<group>";
		};
		E661508118AA862300D37984 /* InfoPlist.strings */ = {
			isa = PBXVariantGroup;
			children = (
				E661508218AA862300D37984 /* en */,
			);
			name = InfoPlist.strings;
			sourceTree = "<group>";
		};
/* End PBXVariantGroup section */

/* Begin XCBuildConfiguration section */
		E661508618AA862300D37984 /* Debug */ = {
			isa = XCBuildConfiguration;
			buildSettings = {
				ALWAYS_SEARCH_USER_PATHS = NO;
				ARCHS = "$(ARCHS_STANDARD_INCLUDING_64_BIT)";
				CLANG_CXX_LANGUAGE_STANDARD = "gnu++0x";
				CLANG_CXX_LIBRARY = "libc++";
				CLANG_ENABLE_MODULES = YES;
				CLANG_ENABLE_OBJC_ARC = YES;
				CLANG_WARN_BOOL_CONVERSION = YES;
				CLANG_WARN_CONSTANT_CONVERSION = YES;
				CLANG_WARN_DIRECT_OBJC_ISA_USAGE = YES_ERROR;
				CLANG_WARN_EMPTY_BODY = YES;
				CLANG_WARN_ENUM_CONVERSION = YES;
				CLANG_WARN_INT_CONVERSION = YES;
				CLANG_WARN_OBJC_ROOT_CLASS = YES_ERROR;
				CLANG_WARN__DUPLICATE_METHOD_MATCH = YES;
				"CODE_SIGN_IDENTITY[sdk=iphoneos*]" = "iPhone Developer";
				COPY_PHASE_STRIP = NO;
				GCC_C_LANGUAGE_STANDARD = gnu99;
				GCC_DYNAMIC_NO_PIC = NO;
				GCC_OPTIMIZATION_LEVEL = 0;
				GCC_PREPROCESSOR_DEFINITIONS = (
					"DEBUG=1",
					"$(inherited)",
				);
				GCC_SYMBOLS_PRIVATE_EXTERN = NO;
				GCC_WARN_64_TO_32_BIT_CONVERSION = YES;
				GCC_WARN_ABOUT_RETURN_TYPE = YES_ERROR;
				GCC_WARN_UNDECLARED_SELECTOR = YES;
				GCC_WARN_UNINITIALIZED_AUTOS = YES;
				GCC_WARN_UNUSED_FUNCTION = YES;
				GCC_WARN_UNUSED_VARIABLE = YES;
				IPHONEOS_DEPLOYMENT_TARGET = 7.0;
				ONLY_ACTIVE_ARCH = YES;
				SDKROOT = iphoneos;
				TARGETED_DEVICE_FAMILY = "1,2";
			};
			name = Debug;
		};
		E661508718AA862300D37984 /* Release */ = {
			isa = XCBuildConfiguration;
			buildSettings = {
				ALWAYS_SEARCH_USER_PATHS = NO;
				ARCHS = "$(ARCHS_STANDARD_INCLUDING_64_BIT)";
				CLANG_CXX_LANGUAGE_STANDARD = "gnu++0x";
				CLANG_CXX_LIBRARY = "libc++";
				CLANG_ENABLE_MODULES = YES;
				CLANG_ENABLE_OBJC_ARC = YES;
				CLANG_WARN_BOOL_CONVERSION = YES;
				CLANG_WARN_CONSTANT_CONVERSION = YES;
				CLANG_WARN_DIRECT_OBJC_ISA_USAGE = YES_ERROR;
				CLANG_WARN_EMPTY_BODY = YES;
				CLANG_WARN_ENUM_CONVERSION = YES;
				CLANG_WARN_INT_CONVERSION = YES;
				CLANG_WARN_OBJC_ROOT_CLASS = YES_ERROR;
				CLANG_WARN__DUPLICATE_METHOD_MATCH = YES;
				"CODE_SIGN_IDENTITY[sdk=iphoneos*]" = "iPhone Developer";
				COPY_PHASE_STRIP = YES;
				ENABLE_NS_ASSERTIONS = NO;
				GCC_C_LANGUAGE_STANDARD = gnu99;
				GCC_WARN_64_TO_32_BIT_CONVERSION = YES;
				GCC_WARN_ABOUT_RETURN_TYPE = YES_ERROR;
				GCC_WARN_UNDECLARED_SELECTOR = YES;
				GCC_WARN_UNINITIALIZED_AUTOS = YES;
				GCC_WARN_UNUSED_FUNCTION = YES;
				GCC_WARN_UNUSED_VARIABLE = YES;
				IPHONEOS_DEPLOYMENT_TARGET = 7.0;
				SDKROOT = iphoneos;
				TARGETED_DEVICE_FAMILY = "1,2";
				VALIDATE_PRODUCT = YES;
			};
			name = Release;
		};
		E661508918AA862300D37984 /* Debug */ = {
			isa = XCBuildConfiguration;
			buildSettings = {
				ASSETCATALOG_COMPILER_APPICON_NAME = AppIcon;
				ASSETCATALOG_COMPILER_LAUNCHIMAGE_NAME = LaunchImage;
				GCC_PRECOMPILE_PREFIX_HEADER = YES;
				GCC_PREFIX_HEADER = "Journal/Journal-Prefix.pch";
				INFOPLIST_FILE = "Journal/Journal-Info.plist";
				PRODUCT_NAME = "$(TARGET_NAME)";
				WRAPPER_EXTENSION = app;
			};
			name = Debug;
		};
		E661508A18AA862300D37984 /* Release */ = {
			isa = XCBuildConfiguration;
			buildSettings = {
				ASSETCATALOG_COMPILER_APPICON_NAME = AppIcon;
				ASSETCATALOG_COMPILER_LAUNCHIMAGE_NAME = LaunchImage;
				GCC_PRECOMPILE_PREFIX_HEADER = YES;
				GCC_PREFIX_HEADER = "Journal/Journal-Prefix.pch";
				INFOPLIST_FILE = "Journal/Journal-Info.plist";
				PRODUCT_NAME = "$(TARGET_NAME)";
				WRAPPER_EXTENSION = app;
			};
			name = Release;
		};
		E661508C18AA862300D37984 /* Debug */ = {
			isa = XCBuildConfiguration;
			buildSettings = {
				ARCHS = "$(ARCHS_STANDARD_INCLUDING_64_BIT)";
				BUNDLE_LOADER = "$(BUILT_PRODUCTS_DIR)/Journal.app/Journal";
				FRAMEWORK_SEARCH_PATHS = (
					"$(SDKROOT)/Developer/Library/Frameworks",
					"$(inherited)",
					"$(DEVELOPER_FRAMEWORKS_DIR)",
				);
				GCC_PRECOMPILE_PREFIX_HEADER = YES;
				GCC_PREFIX_HEADER = "Journal/Journal-Prefix.pch";
				GCC_PREPROCESSOR_DEFINITIONS = (
					"DEBUG=1",
					"$(inherited)",
				);
				INFOPLIST_FILE = "JournalTests/JournalTests-Info.plist";
				PRODUCT_NAME = "$(TARGET_NAME)";
				TEST_HOST = "$(BUNDLE_LOADER)";
				WRAPPER_EXTENSION = xctest;
			};
			name = Debug;
		};
		E661508D18AA862300D37984 /* Release */ = {
			isa = XCBuildConfiguration;
			buildSettings = {
				ARCHS = "$(ARCHS_STANDARD_INCLUDING_64_BIT)";
				BUNDLE_LOADER = "$(BUILT_PRODUCTS_DIR)/Journal.app/Journal";
				FRAMEWORK_SEARCH_PATHS = (
					"$(SDKROOT)/Developer/Library/Frameworks",
					"$(inherited)",
					"$(DEVELOPER_FRAMEWORKS_DIR)",
				);
				GCC_PRECOMPILE_PREFIX_HEADER = YES;
				GCC_PREFIX_HEADER = "Journal/Journal-Prefix.pch";
				INFOPLIST_FILE = "JournalTests/JournalTests-Info.plist";
				PRODUCT_NAME = "$(TARGET_NAME)";
				TEST_HOST = "$(BUNDLE_LOADER)";
				WRAPPER_EXTENSION = xctest;
			};
			name = Release;
		};
/* End XCBuildConfiguration section */

/* Begin XCConfigurationList section */
		E661504E18AA862300D37984 /* Build configuration list for PBXProject "Journal" */ = {
			isa = XCConfigurationList;
			buildConfigurations = (
				E661508618AA862300D37984 /* Debug */,
				E661508718AA862300D37984 /* Release */,
			);
			defaultConfigurationIsVisible = 0;
			defaultConfigurationName = Release;
		};
		E661508818AA862300D37984 /* Build configuration list for PBXNativeTarget "Journal" */ = {
			isa = XCConfigurationList;
			buildConfigurations = (
				E661508918AA862300D37984 /* Debug */,
				E661508A18AA862300D37984 /* Release */,
			);
			defaultConfigurationIsVisible = 0;
			defaultConfigurationName = Release;
		};
		E661508B18AA862300D37984 /* Build configuration list for PBXNativeTarget "JournalTests" */ = {
			isa = XCConfigurationList;
			buildConfigurations = (
				E661508C18AA862300D37984 /* Debug */,
				E661508D18AA862300D37984 /* Release */,
			);
			defaultConfigurationIsVisible = 0;
			defaultConfigurationName = Release;
		};
/* End XCConfigurationList section */

/* Begin XCVersionGroup section */
		E661509C18AA9E7600D37984 /* Journal.xcdatamodeld */ = {
			isa = XCVersionGroup;
			children = (
				E661509D18AA9E7600D37984 /* Journal.xcdatamodel */,
			);
			currentVersion = E661509D18AA9E7600D37984 /* Journal.xcdatamodel */;
			path = Journal.xcdatamodeld;
			sourceTree = "<group>";
			versionGroupType = wrapper.xcdatamodel;
		};
/* End XCVersionGroup section */
	};
	rootObject = E661504B18AA862300D37984 /* Project object */;
}
