// !$*UTF8*$!
{
	archiveVersion = 1;
	classes = {
	};
	objectVersion = 46;
	objects = {

/* Begin PBXBuildFile section */
		D10DE08B036F9EE28AF735E6 /* Reader-Button-H@2x.png in Resources */ = {isa = PBXBuildFile; fileRef = D10DE55D3169E95D48CC0124 /* Reader-Button-H@2x.png */; };
		D10DE0D680C93F50B5996ACB /* AppIcon-152.png in Resources */ = {isa = PBXBuildFile; fileRef = D10DED1CD7F2E87021FB1198 /* AppIcon-152.png */; };
		D10DE12A4B3678A95ECF6ADC /* Reader-Print.png in Resources */ = {isa = PBXBuildFile; fileRef = D10DEEEB853FEF7D24EEA7FC /* Reader-Print.png */; };
		D10DE2BB2B4E60FC21E1E022 /* Reader-Thumbs.png in Resources */ = {isa = PBXBuildFile; fileRef = D10DEF2CFE522023A00D1308 /* Reader-Thumbs.png */; };
		D10DE35D34116B7087700C5F /* Reader-Mark-Y@2x.png in Resources */ = {isa = PBXBuildFile; fileRef = D10DE68BFD4E239BFEDA439A /* Reader-Mark-Y@2x.png */; };
		D10DE37E98068C0A8054CBF6 /* Reader-Mark-N@2x.png in Resources */ = {isa = PBXBuildFile; fileRef = D10DE9F178BDCE9A6E55DCA1 /* Reader-Mark-N@2x.png */; };
		D10DE4760D6B8ED65D5703C5 /* AppIcon-120.png in Resources */ = {isa = PBXBuildFile; fileRef = D10DE3FE7E16B7C6F2DE403B /* AppIcon-120.png */; };
		D10DE4AF16C709A4694D779C /* KPJPreviewLoader.m in Sources */ = {isa = PBXBuildFile; fileRef = D10DEEAB6B5A07470BA4B517 /* KPJPreviewLoader.m */; };
		D10DE4E80D605FC33AD2AF3B /* Reader-Button-H.png in Resources */ = {isa = PBXBuildFile; fileRef = D10DE4055F8D57D3C3A8B223 /* Reader-Button-H.png */; };
		D10DE5261BD1E374E2936C82 /* AppIcon-114.png in Resources */ = {isa = PBXBuildFile; fileRef = D10DECE4DFA1C6922E033E24 /* AppIcon-114.png */; };
		D10DE56E86D6C079738C78AF /* Reader-Mark-N.png in Resources */ = {isa = PBXBuildFile; fileRef = D10DE12D6459947153F8DE34 /* Reader-Mark-N.png */; };
		D10DE5B1C0C7DD8E401CB10E /* AppIcon-144.png in Resources */ = {isa = PBXBuildFile; fileRef = D10DEFA43540E6B0464C5150 /* AppIcon-144.png */; };
		D10DE902E242CB2DF2B869E6 /* KPJCoreDataManager.m in Sources */ = {isa = PBXBuildFile; fileRef = D10DEC7D1FAFF90056389BCF /* KPJCoreDataManager.m */; };
		D10DEA2C94859F87A0759E11 /* Reader-Email@2x.png in Resources */ = {isa = PBXBuildFile; fileRef = D10DE5FD12047C715D78E379 /* Reader-Email@2x.png */; };
		D10DEA6AD78B41ED2EC36EA5 /* AppIcon-072.png in Resources */ = {isa = PBXBuildFile; fileRef = D10DECA4C5E75E029E62A148 /* AppIcon-072.png */; };
		D10DEA730099FBAE4E3D1991 /* Reader-Mark-Y.png in Resources */ = {isa = PBXBuildFile; fileRef = D10DE2D386BAE3B4905E80C1 /* Reader-Mark-Y.png */; };
		D10DEBA31745C304DCED9158 /* Reader-Button-N@2x.png in Resources */ = {isa = PBXBuildFile; fileRef = D10DE290ECC8EB073D2CB180 /* Reader-Button-N@2x.png */; };
		D10DEBF1AA17C42C7B1A9001 /* Reader-Button-N.png in Resources */ = {isa = PBXBuildFile; fileRef = D10DED961D93BB94DA63CC13 /* Reader-Button-N.png */; };
		D10DEC425FDBAAA119648D4F /* Reader-Email.png in Resources */ = {isa = PBXBuildFile; fileRef = D10DE96074BDBE1A7E9C7D95 /* Reader-Email.png */; };
		D10DEC55DD516F539839075A /* KPJPreviewLoader.m in Sources */ = {isa = PBXBuildFile; fileRef = D10DEEAB6B5A07470BA4B517 /* KPJPreviewLoader.m */; };
		D10DECAE76119EC0E3992CFA /* Default-568h@2x.png in Resources */ = {isa = PBXBuildFile; fileRef = D10DE5E53903C68491517080 /* Default-568h@2x.png */; };
		D10DEDD57F21E0AEBF321937 /* Reader-Print@2x.png in Resources */ = {isa = PBXBuildFile; fileRef = D10DE35E3255880472A179C2 /* Reader-Print@2x.png */; };
		D10DEE04DCAF57E475C2BE1B /* AppIcon-076.png in Resources */ = {isa = PBXBuildFile; fileRef = D10DED47D0D2C1DF5C449AC8 /* AppIcon-076.png */; };
		D10DEE124E23ED379749C569 /* Reader-Thumbs@2x.png in Resources */ = {isa = PBXBuildFile; fileRef = D10DE3EC6933BE2C00B89911 /* Reader-Thumbs@2x.png */; };
		D10DEE5B4DF6CDBFDEF592FC /* KPJCoreDataManager.m in Sources */ = {isa = PBXBuildFile; fileRef = D10DEC7D1FAFF90056389BCF /* KPJCoreDataManager.m */; };
		D10DEEE53B3037CB09031E37 /* AppIcon-057.png in Resources */ = {isa = PBXBuildFile; fileRef = D10DE9E5DA723A794560C012 /* AppIcon-057.png */; };
		E661505718AA862300D37984 /* Foundation.framework in Frameworks */ = {isa = PBXBuildFile; fileRef = E661505618AA862300D37984 /* Foundation.framework */; };
		E661505918AA862300D37984 /* CoreGraphics.framework in Frameworks */ = {isa = PBXBuildFile; fileRef = E661505818AA862300D37984 /* CoreGraphics.framework */; };
		E661505B18AA862300D37984 /* UIKit.framework in Frameworks */ = {isa = PBXBuildFile; fileRef = E661505A18AA862300D37984 /* UIKit.framework */; };
		E661506118AA862300D37984 /* InfoPlist.strings in Resources */ = {isa = PBXBuildFile; fileRef = E661505F18AA862300D37984 /* InfoPlist.strings */; };
		E661506318AA862300D37984 /* main.m in Sources */ = {isa = PBXBuildFile; fileRef = E661506218AA862300D37984 /* main.m */; };
		E661506718AA862300D37984 /* AppDelegate.m in Sources */ = {isa = PBXBuildFile; fileRef = E661506618AA862300D37984 /* AppDelegate.m */; };
		E661506A18AA862300D37984 /* Kinoplan-Journal_iPhone.storyboard in Resources */ = {isa = PBXBuildFile; fileRef = E661506818AA862300D37984 /* Kinoplan-Journal_iPhone.storyboard */; };
		E661506D18AA862300D37984 /* Kinoplan-Journal_iPad.storyboard in Resources */ = {isa = PBXBuildFile; fileRef = E661506B18AA862300D37984 /* Kinoplan-Journal_iPad.storyboard */; };
		E661507218AA862300D37984 /* Images.xcassets in Resources */ = {isa = PBXBuildFile; fileRef = E661507118AA862300D37984 /* Images.xcassets */; };
		E661507918AA862300D37984 /* XCTest.framework in Frameworks */ = {isa = PBXBuildFile; fileRef = E661507818AA862300D37984 /* XCTest.framework */; };
		E661507A18AA862300D37984 /* Foundation.framework in Frameworks */ = {isa = PBXBuildFile; fileRef = E661505618AA862300D37984 /* Foundation.framework */; };
		E661507B18AA862300D37984 /* UIKit.framework in Frameworks */ = {isa = PBXBuildFile; fileRef = E661505A18AA862300D37984 /* UIKit.framework */; };
		E661508318AA862300D37984 /* InfoPlist.strings in Resources */ = {isa = PBXBuildFile; fileRef = E661508118AA862300D37984 /* InfoPlist.strings */; };
		E661508518AA862300D37984 /* JournalTests.m in Sources */ = {isa = PBXBuildFile; fileRef = E661508418AA862300D37984 /* JournalTests.m */; };
		E661509518AA8A7300D37984 /* KPJStandViewController.m in Sources */ = {isa = PBXBuildFile; fileRef = E661509418AA8A7300D37984 /* KPJStandViewController.m */; };
		E661509A18AA9D3600D37984 /* KPJStandViewCell.m in Sources */ = {isa = PBXBuildFile; fileRef = E661509918AA9D3500D37984 /* KPJStandViewCell.m */; };
		E661509E18AA9E7600D37984 /* KPJJournal.xcdatamodeld in Sources */ = {isa = PBXBuildFile; fileRef = E661509C18AA9E7600D37984 /* KPJJournal.xcdatamodeld */; };
		E66150A318AAAF8100D37984 /* CoreData.framework in Frameworks */ = {isa = PBXBuildFile; fileRef = E66150A218AAAF8100D37984 /* CoreData.framework */; };
		E66A0D6B18AE5EF0003FD266 /* Foundation.framework in Frameworks */ = {isa = PBXBuildFile; fileRef = E661505618AA862300D37984 /* Foundation.framework */; };
		E66A0D7018AE5EF0003FD266 /* Journal_iOS.h in CopyFiles */ = {isa = PBXBuildFile; fileRef = E66A0D6F18AE5EF0003FD266 /* Journal_iOS.h */; };
		E66A0D7218AE5EF0003FD266 /* Journal_iOS.m in Sources */ = {isa = PBXBuildFile; fileRef = E66A0D7118AE5EF0003FD266 /* Journal_iOS.m */; };
		E66A0D7818AE5EF0003FD266 /* XCTest.framework in Frameworks */ = {isa = PBXBuildFile; fileRef = E661507818AA862300D37984 /* XCTest.framework */; };
		E66A0D7918AE5EF0003FD266 /* Foundation.framework in Frameworks */ = {isa = PBXBuildFile; fileRef = E661505618AA862300D37984 /* Foundation.framework */; };
		E66A0D7A18AE5EF0003FD266 /* UIKit.framework in Frameworks */ = {isa = PBXBuildFile; fileRef = E661505A18AA862300D37984 /* UIKit.framework */; };
		E66A0D7D18AE5EF0003FD266 /* libJournal-iOS.a in Frameworks */ = {isa = PBXBuildFile; fileRef = E66A0D6A18AE5EF0003FD266 /* libJournal-iOS.a */; };
		E66A0D8318AE5EF0003FD266 /* InfoPlist.strings in Resources */ = {isa = PBXBuildFile; fileRef = E66A0D8118AE5EF0003FD266 /* InfoPlist.strings */; };
		E66A0D8518AE5EF0003FD266 /* Journal_iOSTests.m in Sources */ = {isa = PBXBuildFile; fileRef = E66A0D8418AE5EF0003FD266 /* Journal_iOSTests.m */; };
		E66A0D8D18AE6003003FD266 /* CGPDFDocument.m in Sources */ = {isa = PBXBuildFile; fileRef = E6C4479618AAC877003B5F5E /* CGPDFDocument.m */; };
		E66A0D8F18AE6003003FD266 /* ReaderConstants.m in Sources */ = {isa = PBXBuildFile; fileRef = E6C4479818AAC877003B5F5E /* ReaderConstants.m */; };
		E66A0D9118AE6003003FD266 /* ReaderContentPage.m in Sources */ = {isa = PBXBuildFile; fileRef = E6C4479A18AAC877003B5F5E /* ReaderContentPage.m */; };
		E66A0D9318AE6003003FD266 /* ReaderContentTile.m in Sources */ = {isa = PBXBuildFile; fileRef = E6C4479C18AAC877003B5F5E /* ReaderContentTile.m */; };
		E66A0D9518AE6003003FD266 /* ReaderContentView.m in Sources */ = {isa = PBXBuildFile; fileRef = E6C4479E18AAC877003B5F5E /* ReaderContentView.m */; };
		E66A0D9718AE6003003FD266 /* ReaderDocument.m in Sources */ = {isa = PBXBuildFile; fileRef = E6C447A018AAC877003B5F5E /* ReaderDocument.m */; };
		E66A0D9918AE6003003FD266 /* ReaderDocumentOutline.m in Sources */ = {isa = PBXBuildFile; fileRef = E6C447A218AAC877003B5F5E /* ReaderDocumentOutline.m */; };
		E66A0D9B18AE6003003FD266 /* ReaderMainPagebar.m in Sources */ = {isa = PBXBuildFile; fileRef = E6C447A418AAC877003B5F5E /* ReaderMainPagebar.m */; };
		E66A0D9D18AE6003003FD266 /* ReaderMainToolbar.m in Sources */ = {isa = PBXBuildFile; fileRef = E6C447A618AAC877003B5F5E /* ReaderMainToolbar.m */; };
		E66A0D9F18AE6003003FD266 /* ReaderThumbCache.m in Sources */ = {isa = PBXBuildFile; fileRef = E6C447A818AAC877003B5F5E /* ReaderThumbCache.m */; };
		E66A0DA118AE6003003FD266 /* ReaderThumbFetch.m in Sources */ = {isa = PBXBuildFile; fileRef = E6C447AA18AAC877003B5F5E /* ReaderThumbFetch.m */; };
		E66A0DA318AE6003003FD266 /* ReaderThumbQueue.m in Sources */ = {isa = PBXBuildFile; fileRef = E6C447AC18AAC877003B5F5E /* ReaderThumbQueue.m */; };
		E66A0DA518AE6003003FD266 /* ReaderThumbRender.m in Sources */ = {isa = PBXBuildFile; fileRef = E6C447AE18AAC877003B5F5E /* ReaderThumbRender.m */; };
		E66A0DA718AE6003003FD266 /* ReaderThumbRequest.m in Sources */ = {isa = PBXBuildFile; fileRef = E6C447B018AAC877003B5F5E /* ReaderThumbRequest.m */; };
		E66A0DA918AE6003003FD266 /* ReaderThumbsView.m in Sources */ = {isa = PBXBuildFile; fileRef = E6C447B218AAC877003B5F5E /* ReaderThumbsView.m */; };
		E66A0DAB18AE6003003FD266 /* ReaderThumbView.m in Sources */ = {isa = PBXBuildFile; fileRef = E6C447B418AAC877003B5F5E /* ReaderThumbView.m */; };
		E66A0DAD18AE6003003FD266 /* ReaderViewController.m in Sources */ = {isa = PBXBuildFile; fileRef = E6C447B618AAC877003B5F5E /* ReaderViewController.m */; };
		E66A0DAF18AE6003003FD266 /* ThumbsMainToolbar.m in Sources */ = {isa = PBXBuildFile; fileRef = E6C447B818AAC877003B5F5E /* ThumbsMainToolbar.m */; };
		E66A0DB118AE6003003FD266 /* ThumbsViewController.m in Sources */ = {isa = PBXBuildFile; fileRef = E6C447BA18AAC877003B5F5E /* ThumbsViewController.m */; };
		E66A0DB318AE6003003FD266 /* UIXToolbarView.m in Sources */ = {isa = PBXBuildFile; fileRef = E6C447BC18AAC877003B5F5E /* UIXToolbarView.m */; };
		E66A0DB518AE6003003FD266 /* AppDelegate.m in Sources */ = {isa = PBXBuildFile; fileRef = E661506618AA862300D37984 /* AppDelegate.m */; };
		E66A0DB718AE6003003FD266 /* KPJStandViewController.m in Sources */ = {isa = PBXBuildFile; fileRef = E661509418AA8A7300D37984 /* KPJStandViewController.m */; };
		E66A0DB918AE6003003FD266 /* KPJStandViewCell.m in Sources */ = {isa = PBXBuildFile; fileRef = E661509918AA9D3500D37984 /* KPJStandViewCell.m */; };
		E66A0DC018AE6058003FD266 /* CGPDFDocument.h in CopyFiles */ = {isa = PBXBuildFile; fileRef = E6C4479518AAC877003B5F5E /* CGPDFDocument.h */; };
		E66A0DC118AE6058003FD266 /* ReaderConstants.h in CopyFiles */ = {isa = PBXBuildFile; fileRef = E6C4479718AAC877003B5F5E /* ReaderConstants.h */; };
		E66A0DC218AE6058003FD266 /* ReaderContentPage.h in CopyFiles */ = {isa = PBXBuildFile; fileRef = E6C4479918AAC877003B5F5E /* ReaderContentPage.h */; };
		E66A0DC318AE6058003FD266 /* ReaderContentTile.h in CopyFiles */ = {isa = PBXBuildFile; fileRef = E6C4479B18AAC877003B5F5E /* ReaderContentTile.h */; };
		E66A0DC418AE6058003FD266 /* ReaderContentView.h in CopyFiles */ = {isa = PBXBuildFile; fileRef = E6C4479D18AAC877003B5F5E /* ReaderContentView.h */; };
		E66A0DC518AE6058003FD266 /* ReaderDocument.h in CopyFiles */ = {isa = PBXBuildFile; fileRef = E6C4479F18AAC877003B5F5E /* ReaderDocument.h */; };
		E66A0DC618AE6058003FD266 /* ReaderDocumentOutline.h in CopyFiles */ = {isa = PBXBuildFile; fileRef = E6C447A118AAC877003B5F5E /* ReaderDocumentOutline.h */; };
		E66A0DC718AE6058003FD266 /* ReaderMainPagebar.h in CopyFiles */ = {isa = PBXBuildFile; fileRef = E6C447A318AAC877003B5F5E /* ReaderMainPagebar.h */; };
		E66A0DC818AE6058003FD266 /* ReaderMainToolbar.h in CopyFiles */ = {isa = PBXBuildFile; fileRef = E6C447A518AAC877003B5F5E /* ReaderMainToolbar.h */; };
		E66A0DC918AE6058003FD266 /* ReaderThumbCache.h in CopyFiles */ = {isa = PBXBuildFile; fileRef = E6C447A718AAC877003B5F5E /* ReaderThumbCache.h */; };
		E66A0DCA18AE6058003FD266 /* ReaderThumbFetch.h in CopyFiles */ = {isa = PBXBuildFile; fileRef = E6C447A918AAC877003B5F5E /* ReaderThumbFetch.h */; };
		E66A0DCB18AE6058003FD266 /* ReaderThumbQueue.h in CopyFiles */ = {isa = PBXBuildFile; fileRef = E6C447AB18AAC877003B5F5E /* ReaderThumbQueue.h */; };
		E66A0DCC18AE6058003FD266 /* ReaderThumbRender.h in CopyFiles */ = {isa = PBXBuildFile; fileRef = E6C447AD18AAC877003B5F5E /* ReaderThumbRender.h */; };
		E66A0DCD18AE6058003FD266 /* ReaderThumbRequest.h in CopyFiles */ = {isa = PBXBuildFile; fileRef = E6C447AF18AAC877003B5F5E /* ReaderThumbRequest.h */; };
		E66A0DCE18AE6058003FD266 /* ReaderThumbsView.h in CopyFiles */ = {isa = PBXBuildFile; fileRef = E6C447B118AAC877003B5F5E /* ReaderThumbsView.h */; };
		E66A0DCF18AE6058003FD266 /* ReaderThumbView.h in CopyFiles */ = {isa = PBXBuildFile; fileRef = E6C447B318AAC877003B5F5E /* ReaderThumbView.h */; };
		E66A0DD018AE6058003FD266 /* ReaderViewController.h in CopyFiles */ = {isa = PBXBuildFile; fileRef = E6C447B518AAC877003B5F5E /* ReaderViewController.h */; };
		E66A0DD118AE6058003FD266 /* ThumbsMainToolbar.h in CopyFiles */ = {isa = PBXBuildFile; fileRef = E6C447B718AAC877003B5F5E /* ThumbsMainToolbar.h */; };
		E66A0DD218AE6058003FD266 /* ThumbsViewController.h in CopyFiles */ = {isa = PBXBuildFile; fileRef = E6C447B918AAC877003B5F5E /* ThumbsViewController.h */; };
		E66A0DD318AE6058003FD266 /* UIXToolbarView.h in CopyFiles */ = {isa = PBXBuildFile; fileRef = E6C447BB18AAC877003B5F5E /* UIXToolbarView.h */; };
		E66A0DD418AE6058003FD266 /* AppDelegate.h in CopyFiles */ = {isa = PBXBuildFile; fileRef = E661506518AA862300D37984 /* AppDelegate.h */; };
		E66A0DD518AE6058003FD266 /* KPJStandViewController.h in CopyFiles */ = {isa = PBXBuildFile; fileRef = E661509318AA8A7300D37984 /* KPJStandViewController.h */; };
		E66A0DD618AE6058003FD266 /* KPJStandViewCell.h in CopyFiles */ = {isa = PBXBuildFile; fileRef = E661509818AA9D3500D37984 /* KPJStandViewCell.h */; };
		E66A0DDA18AE6165003FD266 /* UIKit.framework in Frameworks */ = {isa = PBXBuildFile; fileRef = E661505A18AA862300D37984 /* UIKit.framework */; };
		E66A0DDB18AE61A9003FD266 /* CoreGraphics.framework in Frameworks */ = {isa = PBXBuildFile; fileRef = E661505818AA862300D37984 /* CoreGraphics.framework */; };
		E66A0DDC18AE61BF003FD266 /* CoreData.framework in Frameworks */ = {isa = PBXBuildFile; fileRef = E66150A218AAAF8100D37984 /* CoreData.framework */; };
		E66A0DE518AE6360003FD266 /* CoreFoundation.framework in Frameworks */ = {isa = PBXBuildFile; fileRef = E66A0DE418AE6360003FD266 /* CoreFoundation.framework */; };
		E66A0DF218AE63BC003FD266 /* journal0.pdf in Resources */ = {isa = PBXBuildFile; fileRef = E6C447D118AACB81003B5F5E /* journal0.pdf */; };
		E66A0DF318AE63C0003FD266 /* journal1.pdf in Resources */ = {isa = PBXBuildFile; fileRef = E6C447D218AACB81003B5F5E /* journal1.pdf */; };
		E67B344518B23570005747F9 /* KPJCoreDataManager.h in CopyFiles */ = {isa = PBXBuildFile; fileRef = D10DEC1A689F9EB86FD6EBFE /* KPJCoreDataManager.h */; };
		E67B344618B23ABA005747F9 /* Kinoplan-Journal_iPhone.storyboard in Resources */ = {isa = PBXBuildFile; fileRef = E661506818AA862300D37984 /* Kinoplan-Journal_iPhone.storyboard */; };
		E67B344718B23ABD005747F9 /* Kinoplan-Journal_iPad.storyboard in Resources */ = {isa = PBXBuildFile; fileRef = E661506B18AA862300D37984 /* Kinoplan-Journal_iPad.storyboard */; };
		E67B345518B24579005747F9 /* KPJJournal.xcdatamodeld in Sources */ = {isa = PBXBuildFile; fileRef = E661509C18AA9E7600D37984 /* KPJJournal.xcdatamodeld */; };
		E67B345B18B25177005747F9 /* Journal-iOS-resources.bundle in Resources */ = {isa = PBXBuildFile; fileRef = E66A0DE318AE6360003FD266 /* Journal-iOS-resources.bundle */; };
		E67B346118B2531F005747F9 /* InfoPlist.strings in Resources */ = {isa = PBXBuildFile; fileRef = E66A0DE918AE6360003FD266 /* InfoPlist.strings */; };
		E67B346218B25337005747F9 /* Reader-Thumbs@2x.png in Resources */ = {isa = PBXBuildFile; fileRef = D10DE3EC6933BE2C00B89911 /* Reader-Thumbs@2x.png */; };
		E67B346318B2533A005747F9 /* Reader-Mark-Y@2x.png in Resources */ = {isa = PBXBuildFile; fileRef = D10DE68BFD4E239BFEDA439A /* Reader-Mark-Y@2x.png */; };
		E67B346418B2533E005747F9 /* Reader-Mark-N@2x.png in Resources */ = {isa = PBXBuildFile; fileRef = D10DE9F178BDCE9A6E55DCA1 /* Reader-Mark-N@2x.png */; };
		E67B346718B25348005747F9 /* Reader-Thumbs.png in Resources */ = {isa = PBXBuildFile; fileRef = D10DEF2CFE522023A00D1308 /* Reader-Thumbs.png */; };
		E67B346818B2534B005747F9 /* Reader-Mark-Y.png in Resources */ = {isa = PBXBuildFile; fileRef = D10DE2D386BAE3B4905E80C1 /* Reader-Mark-Y.png */; };
		E67B346918B2534E005747F9 /* Reader-Mark-N.png in Resources */ = {isa = PBXBuildFile; fileRef = D10DE12D6459947153F8DE34 /* Reader-Mark-N.png */; };
		E6BDF16818B61EF80054F27F /* SDWebImage.framework in Frameworks */ = {isa = PBXBuildFile; fileRef = E6BDF16718B61EF80054F27F /* SDWebImage.framework */; };
		E6BDF16918B61EF80054F27F /* SDWebImage.framework in Frameworks */ = {isa = PBXBuildFile; fileRef = E6BDF16718B61EF80054F27F /* SDWebImage.framework */; };
		E6C447BD18AAC877003B5F5E /* CGPDFDocument.m in Sources */ = {isa = PBXBuildFile; fileRef = E6C4479618AAC877003B5F5E /* CGPDFDocument.m */; };
		E6C447BE18AAC877003B5F5E /* ReaderConstants.m in Sources */ = {isa = PBXBuildFile; fileRef = E6C4479818AAC877003B5F5E /* ReaderConstants.m */; };
		E6C447BF18AAC877003B5F5E /* ReaderContentPage.m in Sources */ = {isa = PBXBuildFile; fileRef = E6C4479A18AAC877003B5F5E /* ReaderContentPage.m */; };
		E6C447C018AAC877003B5F5E /* ReaderContentTile.m in Sources */ = {isa = PBXBuildFile; fileRef = E6C4479C18AAC877003B5F5E /* ReaderContentTile.m */; };
		E6C447C118AAC877003B5F5E /* ReaderContentView.m in Sources */ = {isa = PBXBuildFile; fileRef = E6C4479E18AAC877003B5F5E /* ReaderContentView.m */; };
		E6C447C218AAC877003B5F5E /* ReaderDocument.m in Sources */ = {isa = PBXBuildFile; fileRef = E6C447A018AAC877003B5F5E /* ReaderDocument.m */; };
		E6C447C318AAC877003B5F5E /* ReaderDocumentOutline.m in Sources */ = {isa = PBXBuildFile; fileRef = E6C447A218AAC877003B5F5E /* ReaderDocumentOutline.m */; };
		E6C447C418AAC877003B5F5E /* ReaderMainPagebar.m in Sources */ = {isa = PBXBuildFile; fileRef = E6C447A418AAC877003B5F5E /* ReaderMainPagebar.m */; };
		E6C447C518AAC877003B5F5E /* ReaderMainToolbar.m in Sources */ = {isa = PBXBuildFile; fileRef = E6C447A618AAC877003B5F5E /* ReaderMainToolbar.m */; };
		E6C447C618AAC877003B5F5E /* ReaderThumbCache.m in Sources */ = {isa = PBXBuildFile; fileRef = E6C447A818AAC877003B5F5E /* ReaderThumbCache.m */; };
		E6C447C718AAC877003B5F5E /* ReaderThumbFetch.m in Sources */ = {isa = PBXBuildFile; fileRef = E6C447AA18AAC877003B5F5E /* ReaderThumbFetch.m */; };
		E6C447C818AAC877003B5F5E /* ReaderThumbQueue.m in Sources */ = {isa = PBXBuildFile; fileRef = E6C447AC18AAC877003B5F5E /* ReaderThumbQueue.m */; };
		E6C447C918AAC877003B5F5E /* ReaderThumbRender.m in Sources */ = {isa = PBXBuildFile; fileRef = E6C447AE18AAC877003B5F5E /* ReaderThumbRender.m */; };
		E6C447CA18AAC877003B5F5E /* ReaderThumbRequest.m in Sources */ = {isa = PBXBuildFile; fileRef = E6C447B018AAC877003B5F5E /* ReaderThumbRequest.m */; };
		E6C447CB18AAC877003B5F5E /* ReaderThumbsView.m in Sources */ = {isa = PBXBuildFile; fileRef = E6C447B218AAC877003B5F5E /* ReaderThumbsView.m */; };
		E6C447CC18AAC877003B5F5E /* ReaderThumbView.m in Sources */ = {isa = PBXBuildFile; fileRef = E6C447B418AAC877003B5F5E /* ReaderThumbView.m */; };
		E6C447CD18AAC877003B5F5E /* ReaderViewController.m in Sources */ = {isa = PBXBuildFile; fileRef = E6C447B618AAC877003B5F5E /* ReaderViewController.m */; };
		E6C447CE18AAC877003B5F5E /* ThumbsMainToolbar.m in Sources */ = {isa = PBXBuildFile; fileRef = E6C447B818AAC877003B5F5E /* ThumbsMainToolbar.m */; };
		E6C447CF18AAC877003B5F5E /* ThumbsViewController.m in Sources */ = {isa = PBXBuildFile; fileRef = E6C447BA18AAC877003B5F5E /* ThumbsViewController.m */; };
		E6C447D018AAC877003B5F5E /* UIXToolbarView.m in Sources */ = {isa = PBXBuildFile; fileRef = E6C447BC18AAC877003B5F5E /* UIXToolbarView.m */; };
		E6C91B3D18B512E600E9F46E /* KPJJournal.m in Sources */ = {isa = PBXBuildFile; fileRef = E6C91B3C18B512E600E9F46E /* KPJJournal.m */; };
		E6C91B3E18B512E600E9F46E /* KPJJournal.m in Sources */ = {isa = PBXBuildFile; fileRef = E6C91B3C18B512E600E9F46E /* KPJJournal.m */; };
/* End PBXBuildFile section */

/* Begin PBXContainerItemProxy section */
		E661507C18AA862300D37984 /* PBXContainerItemProxy */ = {
			isa = PBXContainerItemProxy;
			containerPortal = E661504B18AA862300D37984 /* Project object */;
			proxyType = 1;
			remoteGlobalIDString = E661505218AA862300D37984;
			remoteInfo = Journal;
		};
		E66A0D7B18AE5EF0003FD266 /* PBXContainerItemProxy */ = {
			isa = PBXContainerItemProxy;
			containerPortal = E661504B18AA862300D37984 /* Project object */;
			proxyType = 1;
			remoteGlobalIDString = E66A0D6918AE5EF0003FD266;
			remoteInfo = "Journal-iOS";
		};
		E67B345C18B2517F005747F9 /* PBXContainerItemProxy */ = {
			isa = PBXContainerItemProxy;
			containerPortal = E661504B18AA862300D37984 /* Project object */;
			proxyType = 1;
			remoteGlobalIDString = E66A0DE218AE6360003FD266;
			remoteInfo = "Journal-iOS-resources";
		};
/* End PBXContainerItemProxy section */

/* Begin PBXCopyFilesBuildPhase section */
		E66A0D6818AE5EF0003FD266 /* CopyFiles */ = {
			isa = PBXCopyFilesBuildPhase;
			buildActionMask = 2147483647;
			dstPath = "include/$(PRODUCT_NAME)";
			dstSubfolderSpec = 16;
			files = (
				E67B344518B23570005747F9 /* KPJCoreDataManager.h in CopyFiles */,
				E66A0DC018AE6058003FD266 /* CGPDFDocument.h in CopyFiles */,
				E66A0DC118AE6058003FD266 /* ReaderConstants.h in CopyFiles */,
				E66A0DC218AE6058003FD266 /* ReaderContentPage.h in CopyFiles */,
				E66A0DC318AE6058003FD266 /* ReaderContentTile.h in CopyFiles */,
				E66A0DC418AE6058003FD266 /* ReaderContentView.h in CopyFiles */,
				E66A0DC518AE6058003FD266 /* ReaderDocument.h in CopyFiles */,
				E66A0DC618AE6058003FD266 /* ReaderDocumentOutline.h in CopyFiles */,
				E66A0DC718AE6058003FD266 /* ReaderMainPagebar.h in CopyFiles */,
				E66A0DC818AE6058003FD266 /* ReaderMainToolbar.h in CopyFiles */,
				E66A0DC918AE6058003FD266 /* ReaderThumbCache.h in CopyFiles */,
				E66A0DCA18AE6058003FD266 /* ReaderThumbFetch.h in CopyFiles */,
				E66A0DCB18AE6058003FD266 /* ReaderThumbQueue.h in CopyFiles */,
				E66A0DCC18AE6058003FD266 /* ReaderThumbRender.h in CopyFiles */,
				E66A0DCD18AE6058003FD266 /* ReaderThumbRequest.h in CopyFiles */,
				E66A0DCE18AE6058003FD266 /* ReaderThumbsView.h in CopyFiles */,
				E66A0DCF18AE6058003FD266 /* ReaderThumbView.h in CopyFiles */,
				E66A0DD018AE6058003FD266 /* ReaderViewController.h in CopyFiles */,
				E66A0DD118AE6058003FD266 /* ThumbsMainToolbar.h in CopyFiles */,
				E66A0DD218AE6058003FD266 /* ThumbsViewController.h in CopyFiles */,
				E66A0DD318AE6058003FD266 /* UIXToolbarView.h in CopyFiles */,
				E66A0DD418AE6058003FD266 /* AppDelegate.h in CopyFiles */,
				E66A0DD518AE6058003FD266 /* KPJStandViewController.h in CopyFiles */,
				E66A0DD618AE6058003FD266 /* KPJStandViewCell.h in CopyFiles */,
				E66A0D7018AE5EF0003FD266 /* Journal_iOS.h in CopyFiles */,
			);
			runOnlyForDeploymentPostprocessing = 0;
		};
/* End PBXCopyFilesBuildPhase section */

/* Begin PBXFileReference section */
		D10DE12D6459947153F8DE34 /* Reader-Mark-N.png */ = {isa = PBXFileReference; lastKnownFileType = image.png; path = "Reader-Mark-N.png"; sourceTree = "<group>"; };
		D10DE290ECC8EB073D2CB180 /* Reader-Button-N@2x.png */ = {isa = PBXFileReference; lastKnownFileType = image.png; path = "Reader-Button-N@2x.png"; sourceTree = "<group>"; };
		D10DE2D386BAE3B4905E80C1 /* Reader-Mark-Y.png */ = {isa = PBXFileReference; lastKnownFileType = image.png; path = "Reader-Mark-Y.png"; sourceTree = "<group>"; };
		D10DE35E3255880472A179C2 /* Reader-Print@2x.png */ = {isa = PBXFileReference; lastKnownFileType = image.png; path = "Reader-Print@2x.png"; sourceTree = "<group>"; };
		D10DE3EC6933BE2C00B89911 /* Reader-Thumbs@2x.png */ = {isa = PBXFileReference; lastKnownFileType = image.png; path = "Reader-Thumbs@2x.png"; sourceTree = "<group>"; };
		D10DE3FE7E16B7C6F2DE403B /* AppIcon-120.png */ = {isa = PBXFileReference; lastKnownFileType = image.png; path = "AppIcon-120.png"; sourceTree = "<group>"; };
		D10DE4055F8D57D3C3A8B223 /* Reader-Button-H.png */ = {isa = PBXFileReference; lastKnownFileType = image.png; path = "Reader-Button-H.png"; sourceTree = "<group>"; };
		D10DE55D3169E95D48CC0124 /* Reader-Button-H@2x.png */ = {isa = PBXFileReference; lastKnownFileType = image.png; path = "Reader-Button-H@2x.png"; sourceTree = "<group>"; };
		D10DE5E53903C68491517080 /* Default-568h@2x.png */ = {isa = PBXFileReference; lastKnownFileType = image.png; path = "Default-568h@2x.png"; sourceTree = "<group>"; };
		D10DE5FD12047C715D78E379 /* Reader-Email@2x.png */ = {isa = PBXFileReference; lastKnownFileType = image.png; path = "Reader-Email@2x.png"; sourceTree = "<group>"; };
		D10DE68BFD4E239BFEDA439A /* Reader-Mark-Y@2x.png */ = {isa = PBXFileReference; lastKnownFileType = image.png; path = "Reader-Mark-Y@2x.png"; sourceTree = "<group>"; };
		D10DE96074BDBE1A7E9C7D95 /* Reader-Email.png */ = {isa = PBXFileReference; lastKnownFileType = image.png; path = "Reader-Email.png"; sourceTree = "<group>"; };
		D10DE9E5DA723A794560C012 /* AppIcon-057.png */ = {isa = PBXFileReference; lastKnownFileType = image.png; path = "AppIcon-057.png"; sourceTree = "<group>"; };
		D10DE9F178BDCE9A6E55DCA1 /* Reader-Mark-N@2x.png */ = {isa = PBXFileReference; lastKnownFileType = image.png; path = "Reader-Mark-N@2x.png"; sourceTree = "<group>"; };
		D10DEAF82E56041515FC2D11 /* KPJPreviewLoader.h */ = {isa = PBXFileReference; fileEncoding = 4; lastKnownFileType = sourcecode.c.h; path = KPJPreviewLoader.h; sourceTree = "<group>"; };
		D10DEC1A689F9EB86FD6EBFE /* KPJCoreDataManager.h */ = {isa = PBXFileReference; fileEncoding = 4; lastKnownFileType = sourcecode.c.h; path = KPJCoreDataManager.h; sourceTree = "<group>"; };
		D10DEC7D1FAFF90056389BCF /* KPJCoreDataManager.m */ = {isa = PBXFileReference; fileEncoding = 4; lastKnownFileType = sourcecode.c.objc; path = KPJCoreDataManager.m; sourceTree = "<group>"; };
		D10DECA4C5E75E029E62A148 /* AppIcon-072.png */ = {isa = PBXFileReference; lastKnownFileType = image.png; path = "AppIcon-072.png"; sourceTree = "<group>"; };
		D10DECE4DFA1C6922E033E24 /* AppIcon-114.png */ = {isa = PBXFileReference; lastKnownFileType = image.png; path = "AppIcon-114.png"; sourceTree = "<group>"; };
		D10DED1CD7F2E87021FB1198 /* AppIcon-152.png */ = {isa = PBXFileReference; lastKnownFileType = image.png; path = "AppIcon-152.png"; sourceTree = "<group>"; };
		D10DED47D0D2C1DF5C449AC8 /* AppIcon-076.png */ = {isa = PBXFileReference; lastKnownFileType = image.png; path = "AppIcon-076.png"; sourceTree = "<group>"; };
		D10DED961D93BB94DA63CC13 /* Reader-Button-N.png */ = {isa = PBXFileReference; lastKnownFileType = image.png; path = "Reader-Button-N.png"; sourceTree = "<group>"; };
		D10DEEAB6B5A07470BA4B517 /* KPJPreviewLoader.m */ = {isa = PBXFileReference; fileEncoding = 4; lastKnownFileType = sourcecode.c.objc; path = KPJPreviewLoader.m; sourceTree = "<group>"; };
		D10DEEEB853FEF7D24EEA7FC /* Reader-Print.png */ = {isa = PBXFileReference; lastKnownFileType = image.png; path = "Reader-Print.png"; sourceTree = "<group>"; };
		D10DEF2CFE522023A00D1308 /* Reader-Thumbs.png */ = {isa = PBXFileReference; lastKnownFileType = image.png; path = "Reader-Thumbs.png"; sourceTree = "<group>"; };
		D10DEFA43540E6B0464C5150 /* AppIcon-144.png */ = {isa = PBXFileReference; lastKnownFileType = image.png; path = "AppIcon-144.png"; sourceTree = "<group>"; };
		E661505318AA862300D37984 /* Journal.app */ = {isa = PBXFileReference; explicitFileType = wrapper.application; includeInIndex = 0; path = Journal.app; sourceTree = BUILT_PRODUCTS_DIR; };
		E661505618AA862300D37984 /* Foundation.framework */ = {isa = PBXFileReference; lastKnownFileType = wrapper.framework; name = Foundation.framework; path = System/Library/Frameworks/Foundation.framework; sourceTree = SDKROOT; };
		E661505818AA862300D37984 /* CoreGraphics.framework */ = {isa = PBXFileReference; lastKnownFileType = wrapper.framework; name = CoreGraphics.framework; path = System/Library/Frameworks/CoreGraphics.framework; sourceTree = SDKROOT; };
		E661505A18AA862300D37984 /* UIKit.framework */ = {isa = PBXFileReference; lastKnownFileType = wrapper.framework; name = UIKit.framework; path = System/Library/Frameworks/UIKit.framework; sourceTree = SDKROOT; };
		E661505E18AA862300D37984 /* Journal-Info.plist */ = {isa = PBXFileReference; lastKnownFileType = text.plist.xml; path = "Journal-Info.plist"; sourceTree = "<group>"; };
		E661506018AA862300D37984 /* en */ = {isa = PBXFileReference; lastKnownFileType = text.plist.strings; name = en; path = en.lproj/InfoPlist.strings; sourceTree = "<group>"; };
		E661506218AA862300D37984 /* main.m */ = {isa = PBXFileReference; lastKnownFileType = sourcecode.c.objc; path = main.m; sourceTree = "<group>"; };
		E661506418AA862300D37984 /* Journal-Prefix.pch */ = {isa = PBXFileReference; lastKnownFileType = sourcecode.c.h; path = "Journal-Prefix.pch"; sourceTree = "<group>"; };
		E661506518AA862300D37984 /* AppDelegate.h */ = {isa = PBXFileReference; lastKnownFileType = sourcecode.c.h; path = AppDelegate.h; sourceTree = "<group>"; };
		E661506618AA862300D37984 /* AppDelegate.m */ = {isa = PBXFileReference; lastKnownFileType = sourcecode.c.objc; path = AppDelegate.m; sourceTree = "<group>"; };
		E661506918AA862300D37984 /* Base */ = {isa = PBXFileReference; lastKnownFileType = file.storyboard; name = Base; path = "Base.lproj/Kinoplan-Journal_iPhone.storyboard"; sourceTree = "<group>"; };
		E661506C18AA862300D37984 /* Base */ = {isa = PBXFileReference; lastKnownFileType = file.storyboard; name = Base; path = "Base.lproj/Kinoplan-Journal_iPad.storyboard"; sourceTree = "<group>"; };
		E661507118AA862300D37984 /* Images.xcassets */ = {isa = PBXFileReference; lastKnownFileType = folder.assetcatalog; path = Images.xcassets; sourceTree = "<group>"; };
		E661507718AA862300D37984 /* JournalTests.xctest */ = {isa = PBXFileReference; explicitFileType = wrapper.cfbundle; includeInIndex = 0; path = JournalTests.xctest; sourceTree = BUILT_PRODUCTS_DIR; };
		E661507818AA862300D37984 /* XCTest.framework */ = {isa = PBXFileReference; lastKnownFileType = wrapper.framework; name = XCTest.framework; path = Library/Frameworks/XCTest.framework; sourceTree = DEVELOPER_DIR; };
		E661508018AA862300D37984 /* JournalTests-Info.plist */ = {isa = PBXFileReference; lastKnownFileType = text.plist.xml; path = "JournalTests-Info.plist"; sourceTree = "<group>"; };
		E661508218AA862300D37984 /* en */ = {isa = PBXFileReference; lastKnownFileType = text.plist.strings; name = en; path = en.lproj/InfoPlist.strings; sourceTree = "<group>"; };
		E661508418AA862300D37984 /* JournalTests.m */ = {isa = PBXFileReference; lastKnownFileType = sourcecode.c.objc; path = JournalTests.m; sourceTree = "<group>"; };
		E661509318AA8A7300D37984 /* KPJStandViewController.h */ = {isa = PBXFileReference; fileEncoding = 4; lastKnownFileType = sourcecode.c.h; path = KPJStandViewController.h; sourceTree = "<group>"; };
		E661509418AA8A7300D37984 /* KPJStandViewController.m */ = {isa = PBXFileReference; fileEncoding = 4; lastKnownFileType = sourcecode.c.objc; path = KPJStandViewController.m; sourceTree = "<group>"; };
		E661509818AA9D3500D37984 /* KPJStandViewCell.h */ = {isa = PBXFileReference; fileEncoding = 4; lastKnownFileType = sourcecode.c.h; path = KPJStandViewCell.h; sourceTree = "<group>"; };
		E661509918AA9D3500D37984 /* KPJStandViewCell.m */ = {isa = PBXFileReference; fileEncoding = 4; lastKnownFileType = sourcecode.c.objc; path = KPJStandViewCell.m; sourceTree = "<group>"; };
		E661509D18AA9E7600D37984 /* KPJJournal.xcdatamodel */ = {isa = PBXFileReference; lastKnownFileType = wrapper.xcdatamodel; path = KPJJournal.xcdatamodel; sourceTree = "<group>"; };
		E66150A218AAAF8100D37984 /* CoreData.framework */ = {isa = PBXFileReference; lastKnownFileType = wrapper.framework; name = CoreData.framework; path = System/Library/Frameworks/CoreData.framework; sourceTree = SDKROOT; };
		E66A0D6A18AE5EF0003FD266 /* libJournal-iOS.a */ = {isa = PBXFileReference; explicitFileType = archive.ar; includeInIndex = 0; path = "libJournal-iOS.a"; sourceTree = BUILT_PRODUCTS_DIR; };
		E66A0D6E18AE5EF0003FD266 /* Journal-iOS-Prefix.pch */ = {isa = PBXFileReference; lastKnownFileType = sourcecode.c.h; path = "Journal-iOS-Prefix.pch"; sourceTree = "<group>"; };
		E66A0D6F18AE5EF0003FD266 /* Journal_iOS.h */ = {isa = PBXFileReference; lastKnownFileType = sourcecode.c.h; path = Journal_iOS.h; sourceTree = "<group>"; };
		E66A0D7118AE5EF0003FD266 /* Journal_iOS.m */ = {isa = PBXFileReference; lastKnownFileType = sourcecode.c.objc; path = Journal_iOS.m; sourceTree = "<group>"; };
		E66A0D7718AE5EF0003FD266 /* Journal-iOSTests.xctest */ = {isa = PBXFileReference; explicitFileType = wrapper.cfbundle; includeInIndex = 0; path = "Journal-iOSTests.xctest"; sourceTree = BUILT_PRODUCTS_DIR; };
		E66A0D8018AE5EF0003FD266 /* Journal-iOSTests-Info.plist */ = {isa = PBXFileReference; lastKnownFileType = text.plist.xml; path = "Journal-iOSTests-Info.plist"; sourceTree = "<group>"; };
		E66A0D8218AE5EF0003FD266 /* en */ = {isa = PBXFileReference; lastKnownFileType = text.plist.strings; name = en; path = en.lproj/InfoPlist.strings; sourceTree = "<group>"; };
		E66A0D8418AE5EF0003FD266 /* Journal_iOSTests.m */ = {isa = PBXFileReference; lastKnownFileType = sourcecode.c.objc; path = Journal_iOSTests.m; sourceTree = "<group>"; };
		E66A0DE318AE6360003FD266 /* Journal-iOS-resources.bundle */ = {isa = PBXFileReference; explicitFileType = wrapper.cfbundle; includeInIndex = 0; path = "Journal-iOS-resources.bundle"; sourceTree = BUILT_PRODUCTS_DIR; };
		E66A0DE418AE6360003FD266 /* CoreFoundation.framework */ = {isa = PBXFileReference; lastKnownFileType = wrapper.framework; name = CoreFoundation.framework; path = System/Library/Frameworks/CoreFoundation.framework; sourceTree = SDKROOT; };
		E66A0DE818AE6360003FD266 /* Journal-iOS-resources-Info.plist */ = {isa = PBXFileReference; lastKnownFileType = text.plist.xml; path = "Journal-iOS-resources-Info.plist"; sourceTree = "<group>"; };
		E66A0DEA18AE6360003FD266 /* en */ = {isa = PBXFileReference; lastKnownFileType = text.plist.strings; name = en; path = en.lproj/InfoPlist.strings; sourceTree = "<group>"; };
		E66A0DEC18AE6360003FD266 /* Journal-iOS-resources-Prefix.pch */ = {isa = PBXFileReference; lastKnownFileType = sourcecode.c.h; path = "Journal-iOS-resources-Prefix.pch"; sourceTree = "<group>"; };
		E6BDF16718B61EF80054F27F /* SDWebImage.framework */ = {isa = PBXFileReference; lastKnownFileType = wrapper.framework; name = SDWebImage.framework; path = External/SDWebImage.framework; sourceTree = "<group>"; };
		E6C4479518AAC877003B5F5E /* CGPDFDocument.h */ = {isa = PBXFileReference; fileEncoding = 4; lastKnownFileType = sourcecode.c.h; path = CGPDFDocument.h; sourceTree = "<group>"; };
		E6C4479618AAC877003B5F5E /* CGPDFDocument.m */ = {isa = PBXFileReference; fileEncoding = 4; lastKnownFileType = sourcecode.c.objc; path = CGPDFDocument.m; sourceTree = "<group>"; };
		E6C4479718AAC877003B5F5E /* ReaderConstants.h */ = {isa = PBXFileReference; fileEncoding = 4; lastKnownFileType = sourcecode.c.h; path = ReaderConstants.h; sourceTree = "<group>"; };
		E6C4479818AAC877003B5F5E /* ReaderConstants.m */ = {isa = PBXFileReference; fileEncoding = 4; lastKnownFileType = sourcecode.c.objc; path = ReaderConstants.m; sourceTree = "<group>"; };
		E6C4479918AAC877003B5F5E /* ReaderContentPage.h */ = {isa = PBXFileReference; fileEncoding = 4; lastKnownFileType = sourcecode.c.h; path = ReaderContentPage.h; sourceTree = "<group>"; };
		E6C4479A18AAC877003B5F5E /* ReaderContentPage.m */ = {isa = PBXFileReference; fileEncoding = 4; lastKnownFileType = sourcecode.c.objc; path = ReaderContentPage.m; sourceTree = "<group>"; };
		E6C4479B18AAC877003B5F5E /* ReaderContentTile.h */ = {isa = PBXFileReference; fileEncoding = 4; lastKnownFileType = sourcecode.c.h; path = ReaderContentTile.h; sourceTree = "<group>"; };
		E6C4479C18AAC877003B5F5E /* ReaderContentTile.m */ = {isa = PBXFileReference; fileEncoding = 4; lastKnownFileType = sourcecode.c.objc; path = ReaderContentTile.m; sourceTree = "<group>"; };
		E6C4479D18AAC877003B5F5E /* ReaderContentView.h */ = {isa = PBXFileReference; fileEncoding = 4; lastKnownFileType = sourcecode.c.h; path = ReaderContentView.h; sourceTree = "<group>"; };
		E6C4479E18AAC877003B5F5E /* ReaderContentView.m */ = {isa = PBXFileReference; fileEncoding = 4; lastKnownFileType = sourcecode.c.objc; path = ReaderContentView.m; sourceTree = "<group>"; };
		E6C4479F18AAC877003B5F5E /* ReaderDocument.h */ = {isa = PBXFileReference; fileEncoding = 4; lastKnownFileType = sourcecode.c.h; path = ReaderDocument.h; sourceTree = "<group>"; };
		E6C447A018AAC877003B5F5E /* ReaderDocument.m */ = {isa = PBXFileReference; fileEncoding = 4; lastKnownFileType = sourcecode.c.objc; path = ReaderDocument.m; sourceTree = "<group>"; };
		E6C447A118AAC877003B5F5E /* ReaderDocumentOutline.h */ = {isa = PBXFileReference; fileEncoding = 4; lastKnownFileType = sourcecode.c.h; path = ReaderDocumentOutline.h; sourceTree = "<group>"; };
		E6C447A218AAC877003B5F5E /* ReaderDocumentOutline.m */ = {isa = PBXFileReference; fileEncoding = 4; lastKnownFileType = sourcecode.c.objc; path = ReaderDocumentOutline.m; sourceTree = "<group>"; };
		E6C447A318AAC877003B5F5E /* ReaderMainPagebar.h */ = {isa = PBXFileReference; fileEncoding = 4; lastKnownFileType = sourcecode.c.h; path = ReaderMainPagebar.h; sourceTree = "<group>"; };
		E6C447A418AAC877003B5F5E /* ReaderMainPagebar.m */ = {isa = PBXFileReference; fileEncoding = 4; lastKnownFileType = sourcecode.c.objc; path = ReaderMainPagebar.m; sourceTree = "<group>"; };
		E6C447A518AAC877003B5F5E /* ReaderMainToolbar.h */ = {isa = PBXFileReference; fileEncoding = 4; lastKnownFileType = sourcecode.c.h; path = ReaderMainToolbar.h; sourceTree = "<group>"; };
		E6C447A618AAC877003B5F5E /* ReaderMainToolbar.m */ = {isa = PBXFileReference; fileEncoding = 4; lastKnownFileType = sourcecode.c.objc; path = ReaderMainToolbar.m; sourceTree = "<group>"; };
		E6C447A718AAC877003B5F5E /* ReaderThumbCache.h */ = {isa = PBXFileReference; fileEncoding = 4; lastKnownFileType = sourcecode.c.h; path = ReaderThumbCache.h; sourceTree = "<group>"; };
		E6C447A818AAC877003B5F5E /* ReaderThumbCache.m */ = {isa = PBXFileReference; fileEncoding = 4; lastKnownFileType = sourcecode.c.objc; path = ReaderThumbCache.m; sourceTree = "<group>"; };
		E6C447A918AAC877003B5F5E /* ReaderThumbFetch.h */ = {isa = PBXFileReference; fileEncoding = 4; lastKnownFileType = sourcecode.c.h; path = ReaderThumbFetch.h; sourceTree = "<group>"; };
		E6C447AA18AAC877003B5F5E /* ReaderThumbFetch.m */ = {isa = PBXFileReference; fileEncoding = 4; lastKnownFileType = sourcecode.c.objc; path = ReaderThumbFetch.m; sourceTree = "<group>"; };
		E6C447AB18AAC877003B5F5E /* ReaderThumbQueue.h */ = {isa = PBXFileReference; fileEncoding = 4; lastKnownFileType = sourcecode.c.h; path = ReaderThumbQueue.h; sourceTree = "<group>"; };
		E6C447AC18AAC877003B5F5E /* ReaderThumbQueue.m */ = {isa = PBXFileReference; fileEncoding = 4; lastKnownFileType = sourcecode.c.objc; path = ReaderThumbQueue.m; sourceTree = "<group>"; };
		E6C447AD18AAC877003B5F5E /* ReaderThumbRender.h */ = {isa = PBXFileReference; fileEncoding = 4; lastKnownFileType = sourcecode.c.h; path = ReaderThumbRender.h; sourceTree = "<group>"; };
		E6C447AE18AAC877003B5F5E /* ReaderThumbRender.m */ = {isa = PBXFileReference; fileEncoding = 4; lastKnownFileType = sourcecode.c.objc; path = ReaderThumbRender.m; sourceTree = "<group>"; };
		E6C447AF18AAC877003B5F5E /* ReaderThumbRequest.h */ = {isa = PBXFileReference; fileEncoding = 4; lastKnownFileType = sourcecode.c.h; path = ReaderThumbRequest.h; sourceTree = "<group>"; };
		E6C447B018AAC877003B5F5E /* ReaderThumbRequest.m */ = {isa = PBXFileReference; fileEncoding = 4; lastKnownFileType = sourcecode.c.objc; path = ReaderThumbRequest.m; sourceTree = "<group>"; };
		E6C447B118AAC877003B5F5E /* ReaderThumbsView.h */ = {isa = PBXFileReference; fileEncoding = 4; lastKnownFileType = sourcecode.c.h; path = ReaderThumbsView.h; sourceTree = "<group>"; };
		E6C447B218AAC877003B5F5E /* ReaderThumbsView.m */ = {isa = PBXFileReference; fileEncoding = 4; lastKnownFileType = sourcecode.c.objc; path = ReaderThumbsView.m; sourceTree = "<group>"; };
		E6C447B318AAC877003B5F5E /* ReaderThumbView.h */ = {isa = PBXFileReference; fileEncoding = 4; lastKnownFileType = sourcecode.c.h; path = ReaderThumbView.h; sourceTree = "<group>"; };
		E6C447B418AAC877003B5F5E /* ReaderThumbView.m */ = {isa = PBXFileReference; fileEncoding = 4; lastKnownFileType = sourcecode.c.objc; path = ReaderThumbView.m; sourceTree = "<group>"; };
		E6C447B518AAC877003B5F5E /* ReaderViewController.h */ = {isa = PBXFileReference; fileEncoding = 4; lastKnownFileType = sourcecode.c.h; path = ReaderViewController.h; sourceTree = "<group>"; };
		E6C447B618AAC877003B5F5E /* ReaderViewController.m */ = {isa = PBXFileReference; fileEncoding = 4; lastKnownFileType = sourcecode.c.objc; path = ReaderViewController.m; sourceTree = "<group>"; };
		E6C447B718AAC877003B5F5E /* ThumbsMainToolbar.h */ = {isa = PBXFileReference; fileEncoding = 4; lastKnownFileType = sourcecode.c.h; path = ThumbsMainToolbar.h; sourceTree = "<group>"; };
		E6C447B818AAC877003B5F5E /* ThumbsMainToolbar.m */ = {isa = PBXFileReference; fileEncoding = 4; lastKnownFileType = sourcecode.c.objc; path = ThumbsMainToolbar.m; sourceTree = "<group>"; };
		E6C447B918AAC877003B5F5E /* ThumbsViewController.h */ = {isa = PBXFileReference; fileEncoding = 4; lastKnownFileType = sourcecode.c.h; path = ThumbsViewController.h; sourceTree = "<group>"; };
		E6C447BA18AAC877003B5F5E /* ThumbsViewController.m */ = {isa = PBXFileReference; fileEncoding = 4; lastKnownFileType = sourcecode.c.objc; path = ThumbsViewController.m; sourceTree = "<group>"; };
		E6C447BB18AAC877003B5F5E /* UIXToolbarView.h */ = {isa = PBXFileReference; fileEncoding = 4; lastKnownFileType = sourcecode.c.h; path = UIXToolbarView.h; sourceTree = "<group>"; };
		E6C447BC18AAC877003B5F5E /* UIXToolbarView.m */ = {isa = PBXFileReference; fileEncoding = 4; lastKnownFileType = sourcecode.c.objc; path = UIXToolbarView.m; sourceTree = "<group>"; };
		E6C447D118AACB81003B5F5E /* journal0.pdf */ = {isa = PBXFileReference; lastKnownFileType = image.pdf; path = journal0.pdf; sourceTree = "<group>"; };
		E6C447D218AACB81003B5F5E /* journal1.pdf */ = {isa = PBXFileReference; lastKnownFileType = image.pdf; path = journal1.pdf; sourceTree = "<group>"; };
		E6C91B3B18B512E600E9F46E /* KPJJournal.h */ = {isa = PBXFileReference; fileEncoding = 4; lastKnownFileType = sourcecode.c.h; path = KPJJournal.h; sourceTree = "<group>"; };
		E6C91B3C18B512E600E9F46E /* KPJJournal.m */ = {isa = PBXFileReference; fileEncoding = 4; lastKnownFileType = sourcecode.c.objc; path = KPJJournal.m; sourceTree = "<group>"; };
/* End PBXFileReference section */

/* Begin PBXFrameworksBuildPhase section */
		E661505018AA862300D37984 /* Frameworks */ = {
			isa = PBXFrameworksBuildPhase;
			buildActionMask = 2147483647;
			files = (
				E6BDF16818B61EF80054F27F /* SDWebImage.framework in Frameworks */,
				E66150A318AAAF8100D37984 /* CoreData.framework in Frameworks */,
				E661505918AA862300D37984 /* CoreGraphics.framework in Frameworks */,
				E661505B18AA862300D37984 /* UIKit.framework in Frameworks */,
				E661505718AA862300D37984 /* Foundation.framework in Frameworks */,
			);
			runOnlyForDeploymentPostprocessing = 0;
		};
		E661507418AA862300D37984 /* Frameworks */ = {
			isa = PBXFrameworksBuildPhase;
			buildActionMask = 2147483647;
			files = (
				E661507918AA862300D37984 /* XCTest.framework in Frameworks */,
				E661507B18AA862300D37984 /* UIKit.framework in Frameworks */,
				E661507A18AA862300D37984 /* Foundation.framework in Frameworks */,
			);
			runOnlyForDeploymentPostprocessing = 0;
		};
		E66A0D6718AE5EF0003FD266 /* Frameworks */ = {
			isa = PBXFrameworksBuildPhase;
			buildActionMask = 2147483647;
			files = (
				E6BDF16918B61EF80054F27F /* SDWebImage.framework in Frameworks */,
				E66A0DDC18AE61BF003FD266 /* CoreData.framework in Frameworks */,
				E66A0DDB18AE61A9003FD266 /* CoreGraphics.framework in Frameworks */,
				E66A0DDA18AE6165003FD266 /* UIKit.framework in Frameworks */,
				E66A0D6B18AE5EF0003FD266 /* Foundation.framework in Frameworks */,
			);
			runOnlyForDeploymentPostprocessing = 0;
		};
		E66A0D7418AE5EF0003FD266 /* Frameworks */ = {
			isa = PBXFrameworksBuildPhase;
			buildActionMask = 2147483647;
			files = (
				E66A0D7818AE5EF0003FD266 /* XCTest.framework in Frameworks */,
				E66A0D7D18AE5EF0003FD266 /* libJournal-iOS.a in Frameworks */,
				E66A0D7A18AE5EF0003FD266 /* UIKit.framework in Frameworks */,
				E66A0D7918AE5EF0003FD266 /* Foundation.framework in Frameworks */,
			);
			runOnlyForDeploymentPostprocessing = 0;
		};
		E66A0DE018AE6360003FD266 /* Frameworks */ = {
			isa = PBXFrameworksBuildPhase;
			buildActionMask = 2147483647;
			files = (
				E66A0DE518AE6360003FD266 /* CoreFoundation.framework in Frameworks */,
			);
			runOnlyForDeploymentPostprocessing = 0;
		};
/* End PBXFrameworksBuildPhase section */

/* Begin PBXGroup section */
		D10DEF24AE0D0F0BAD5A414A /* Graphics */ = {
			isa = PBXGroup;
			children = (
				D10DE9E5DA723A794560C012 /* AppIcon-057.png */,
				D10DECA4C5E75E029E62A148 /* AppIcon-072.png */,
				D10DED47D0D2C1DF5C449AC8 /* AppIcon-076.png */,
				D10DECE4DFA1C6922E033E24 /* AppIcon-114.png */,
				D10DE3FE7E16B7C6F2DE403B /* AppIcon-120.png */,
				D10DEFA43540E6B0464C5150 /* AppIcon-144.png */,
				D10DED1CD7F2E87021FB1198 /* AppIcon-152.png */,
				D10DE96074BDBE1A7E9C7D95 /* Reader-Email.png */,
				D10DEEEB853FEF7D24EEA7FC /* Reader-Print.png */,
				D10DE12D6459947153F8DE34 /* Reader-Mark-N.png */,
				D10DE2D386BAE3B4905E80C1 /* Reader-Mark-Y.png */,
				D10DEF2CFE522023A00D1308 /* Reader-Thumbs.png */,
				D10DE5E53903C68491517080 /* Default-568h@2x.png */,
				D10DE4055F8D57D3C3A8B223 /* Reader-Button-H.png */,
				D10DED961D93BB94DA63CC13 /* Reader-Button-N.png */,
				D10DE5FD12047C715D78E379 /* Reader-Email@2x.png */,
				D10DE35E3255880472A179C2 /* Reader-Print@2x.png */,
				D10DE9F178BDCE9A6E55DCA1 /* Reader-Mark-N@2x.png */,
				D10DE68BFD4E239BFEDA439A /* Reader-Mark-Y@2x.png */,
				D10DE3EC6933BE2C00B89911 /* Reader-Thumbs@2x.png */,
				D10DE55D3169E95D48CC0124 /* Reader-Button-H@2x.png */,
				D10DE290ECC8EB073D2CB180 /* Reader-Button-N@2x.png */,
			);
			name = Graphics;
			path = Reader/Graphics;
			sourceTree = SOURCE_ROOT;
		};
		E661504A18AA862300D37984 = {
			isa = PBXGroup;
			children = (
				E6C4479418AAC877003B5F5E /* Reader */,
				E661505C18AA862300D37984 /* Journal */,
				E661507E18AA862300D37984 /* JournalTests */,
				E66A0D6C18AE5EF0003FD266 /* Journal-iOS */,
				E66A0D7E18AE5EF0003FD266 /* Journal-iOSTests */,
				E66A0DE618AE6360003FD266 /* Journal-iOS-resources */,
				E661505518AA862300D37984 /* Frameworks */,
				E661505418AA862300D37984 /* Products */,
			);
			sourceTree = "<group>";
		};
		E661505418AA862300D37984 /* Products */ = {
			isa = PBXGroup;
			children = (
				E661505318AA862300D37984 /* Journal.app */,
				E661507718AA862300D37984 /* JournalTests.xctest */,
				E66A0D6A18AE5EF0003FD266 /* libJournal-iOS.a */,
				E66A0D7718AE5EF0003FD266 /* Journal-iOSTests.xctest */,
				E66A0DE318AE6360003FD266 /* Journal-iOS-resources.bundle */,
			);
			name = Products;
			sourceTree = "<group>";
		};
		E661505518AA862300D37984 /* Frameworks */ = {
			isa = PBXGroup;
			children = (
				E6BDF16718B61EF80054F27F /* SDWebImage.framework */,
				E66150A218AAAF8100D37984 /* CoreData.framework */,
				E661505618AA862300D37984 /* Foundation.framework */,
				E661505818AA862300D37984 /* CoreGraphics.framework */,
				E661505A18AA862300D37984 /* UIKit.framework */,
				E661507818AA862300D37984 /* XCTest.framework */,
				E66A0DE418AE6360003FD266 /* CoreFoundation.framework */,
			);
			name = Frameworks;
			sourceTree = "<group>";
		};
		E661505C18AA862300D37984 /* Journal */ = {
			isa = PBXGroup;
			children = (
				E661506518AA862300D37984 /* AppDelegate.h */,
				E661506618AA862300D37984 /* AppDelegate.m */,
				E67B344418B23413005747F9 /* Managers */,
				E661509618AA9C9000D37984 /* Stand */,
				E661509718AA9C9F00D37984 /* Cells */,
				E661509B18AA9E5600D37984 /* CoreData Entities */,
				E661506818AA862300D37984 /* Kinoplan-Journal_iPhone.storyboard */,
				E661506B18AA862300D37984 /* Kinoplan-Journal_iPad.storyboard */,
				E661507118AA862300D37984 /* Images.xcassets */,
				E661509C18AA9E7600D37984 /* KPJJournal.xcdatamodeld */,
				E661505D18AA862300D37984 /* Supporting Files */,
			);
			path = Journal;
			sourceTree = "<group>";
		};
		E661505D18AA862300D37984 /* Supporting Files */ = {
			isa = PBXGroup;
			children = (
				E6C447D118AACB81003B5F5E /* journal0.pdf */,
				E6C447D218AACB81003B5F5E /* journal1.pdf */,
				E661505E18AA862300D37984 /* Journal-Info.plist */,
				E661505F18AA862300D37984 /* InfoPlist.strings */,
				E661506218AA862300D37984 /* main.m */,
				E661506418AA862300D37984 /* Journal-Prefix.pch */,
			);
			name = "Supporting Files";
			sourceTree = "<group>";
		};
		E661507E18AA862300D37984 /* JournalTests */ = {
			isa = PBXGroup;
			children = (
				E661508418AA862300D37984 /* JournalTests.m */,
				E661507F18AA862300D37984 /* Supporting Files */,
			);
			path = JournalTests;
			sourceTree = "<group>";
		};
		E661507F18AA862300D37984 /* Supporting Files */ = {
			isa = PBXGroup;
			children = (
				E661508018AA862300D37984 /* JournalTests-Info.plist */,
				E661508118AA862300D37984 /* InfoPlist.strings */,
			);
			name = "Supporting Files";
			sourceTree = "<group>";
		};
		E661509618AA9C9000D37984 /* Stand */ = {
			isa = PBXGroup;
			children = (
				E661509318AA8A7300D37984 /* KPJStandViewController.h */,
				E661509418AA8A7300D37984 /* KPJStandViewController.m */,
			);
			name = Stand;
			sourceTree = "<group>";
		};
		E661509718AA9C9F00D37984 /* Cells */ = {
			isa = PBXGroup;
			children = (
				E661509818AA9D3500D37984 /* KPJStandViewCell.h */,
				E661509918AA9D3500D37984 /* KPJStandViewCell.m */,
			);
			name = Cells;
			sourceTree = "<group>";
		};
		E661509B18AA9E5600D37984 /* CoreData Entities */ = {
			isa = PBXGroup;
			children = (
				E6C91B3B18B512E600E9F46E /* KPJJournal.h */,
				E6C91B3C18B512E600E9F46E /* KPJJournal.m */,
			);
			name = "CoreData Entities";
			sourceTree = "<group>";
		};
		E66A0D6C18AE5EF0003FD266 /* Journal-iOS */ = {
			isa = PBXGroup;
			children = (
				E66A0D6F18AE5EF0003FD266 /* Journal_iOS.h */,
				E66A0D7118AE5EF0003FD266 /* Journal_iOS.m */,
				E66A0D6D18AE5EF0003FD266 /* Supporting Files */,
			);
			path = "Journal-iOS";
			sourceTree = "<group>";
		};
		E66A0D6D18AE5EF0003FD266 /* Supporting Files */ = {
			isa = PBXGroup;
			children = (
				E66A0D6E18AE5EF0003FD266 /* Journal-iOS-Prefix.pch */,
			);
			name = "Supporting Files";
			sourceTree = "<group>";
		};
		E66A0D7E18AE5EF0003FD266 /* Journal-iOSTests */ = {
			isa = PBXGroup;
			children = (
				E66A0D8418AE5EF0003FD266 /* Journal_iOSTests.m */,
				E66A0D7F18AE5EF0003FD266 /* Supporting Files */,
			);
			path = "Journal-iOSTests";
			sourceTree = "<group>";
		};
		E66A0D7F18AE5EF0003FD266 /* Supporting Files */ = {
			isa = PBXGroup;
			children = (
				E66A0D8018AE5EF0003FD266 /* Journal-iOSTests-Info.plist */,
				E66A0D8118AE5EF0003FD266 /* InfoPlist.strings */,
			);
			name = "Supporting Files";
			sourceTree = "<group>";
		};
		E66A0DE618AE6360003FD266 /* Journal-iOS-resources */ = {
			isa = PBXGroup;
			children = (
				E66A0DE718AE6360003FD266 /* Supporting Files */,
			);
			path = "Journal-iOS-resources";
			sourceTree = "<group>";
		};
		E66A0DE718AE6360003FD266 /* Supporting Files */ = {
			isa = PBXGroup;
			children = (
				E66A0DE818AE6360003FD266 /* Journal-iOS-resources-Info.plist */,
				E66A0DE918AE6360003FD266 /* InfoPlist.strings */,
				E66A0DEC18AE6360003FD266 /* Journal-iOS-resources-Prefix.pch */,
			);
			name = "Supporting Files";
			sourceTree = "<group>";
		};
		E67B344418B23413005747F9 /* Managers */ = {
			isa = PBXGroup;
			children = (
				D10DEC1A689F9EB86FD6EBFE /* KPJCoreDataManager.h */,
				D10DEC7D1FAFF90056389BCF /* KPJCoreDataManager.m */,
				D10DEEAB6B5A07470BA4B517 /* KPJPreviewLoader.m */,
				D10DEAF82E56041515FC2D11 /* KPJPreviewLoader.h */,
			);
			name = Managers;
			sourceTree = "<group>";
		};
		E6C4479418AAC877003B5F5E /* Reader */ = {
			isa = PBXGroup;
			children = (
				E6C4479518AAC877003B5F5E /* CGPDFDocument.h */,
				E6C4479618AAC877003B5F5E /* CGPDFDocument.m */,
				E6C4479718AAC877003B5F5E /* ReaderConstants.h */,
				E6C4479818AAC877003B5F5E /* ReaderConstants.m */,
				E6C4479918AAC877003B5F5E /* ReaderContentPage.h */,
				E6C4479A18AAC877003B5F5E /* ReaderContentPage.m */,
				E6C4479B18AAC877003B5F5E /* ReaderContentTile.h */,
				E6C4479C18AAC877003B5F5E /* ReaderContentTile.m */,
				E6C4479D18AAC877003B5F5E /* ReaderContentView.h */,
				E6C4479E18AAC877003B5F5E /* ReaderContentView.m */,
				E6C4479F18AAC877003B5F5E /* ReaderDocument.h */,
				E6C447A018AAC877003B5F5E /* ReaderDocument.m */,
				E6C447A118AAC877003B5F5E /* ReaderDocumentOutline.h */,
				E6C447A218AAC877003B5F5E /* ReaderDocumentOutline.m */,
				E6C447A318AAC877003B5F5E /* ReaderMainPagebar.h */,
				E6C447A418AAC877003B5F5E /* ReaderMainPagebar.m */,
				E6C447A518AAC877003B5F5E /* ReaderMainToolbar.h */,
				E6C447A618AAC877003B5F5E /* ReaderMainToolbar.m */,
				E6C447A718AAC877003B5F5E /* ReaderThumbCache.h */,
				E6C447A818AAC877003B5F5E /* ReaderThumbCache.m */,
				E6C447A918AAC877003B5F5E /* ReaderThumbFetch.h */,
				E6C447AA18AAC877003B5F5E /* ReaderThumbFetch.m */,
				E6C447AB18AAC877003B5F5E /* ReaderThumbQueue.h */,
				E6C447AC18AAC877003B5F5E /* ReaderThumbQueue.m */,
				E6C447AD18AAC877003B5F5E /* ReaderThumbRender.h */,
				E6C447AE18AAC877003B5F5E /* ReaderThumbRender.m */,
				E6C447AF18AAC877003B5F5E /* ReaderThumbRequest.h */,
				E6C447B018AAC877003B5F5E /* ReaderThumbRequest.m */,
				E6C447B118AAC877003B5F5E /* ReaderThumbsView.h */,
				E6C447B218AAC877003B5F5E /* ReaderThumbsView.m */,
				E6C447B318AAC877003B5F5E /* ReaderThumbView.h */,
				E6C447B418AAC877003B5F5E /* ReaderThumbView.m */,
				E6C447B518AAC877003B5F5E /* ReaderViewController.h */,
				E6C447B618AAC877003B5F5E /* ReaderViewController.m */,
				E6C447B718AAC877003B5F5E /* ThumbsMainToolbar.h */,
				E6C447B818AAC877003B5F5E /* ThumbsMainToolbar.m */,
				E6C447B918AAC877003B5F5E /* ThumbsViewController.h */,
				E6C447BA18AAC877003B5F5E /* ThumbsViewController.m */,
				E6C447BB18AAC877003B5F5E /* UIXToolbarView.h */,
				E6C447BC18AAC877003B5F5E /* UIXToolbarView.m */,
				D10DEF24AE0D0F0BAD5A414A /* Graphics */,
			);
			name = Reader;
			path = Reader/Sources;
			sourceTree = "<group>";
		};
/* End PBXGroup section */

/* Begin PBXNativeTarget section */
		E661505218AA862300D37984 /* Journal */ = {
			isa = PBXNativeTarget;
			buildConfigurationList = E661508818AA862300D37984 /* Build configuration list for PBXNativeTarget "Journal" */;
			buildPhases = (
				E661504F18AA862300D37984 /* Sources */,
				E661505018AA862300D37984 /* Frameworks */,
				E661505118AA862300D37984 /* Resources */,
			);
			buildRules = (
			);
			dependencies = (
				E67B345D18B2517F005747F9 /* PBXTargetDependency */,
			);
			name = Journal;
			productName = Journal;
			productReference = E661505318AA862300D37984 /* Journal.app */;
			productType = "com.apple.product-type.application";
		};
		E661507618AA862300D37984 /* JournalTests */ = {
			isa = PBXNativeTarget;
			buildConfigurationList = E661508B18AA862300D37984 /* Build configuration list for PBXNativeTarget "JournalTests" */;
			buildPhases = (
				E661507318AA862300D37984 /* Sources */,
				E661507418AA862300D37984 /* Frameworks */,
				E661507518AA862300D37984 /* Resources */,
			);
			buildRules = (
			);
			dependencies = (
				E661507D18AA862300D37984 /* PBXTargetDependency */,
			);
			name = JournalTests;
			productName = JournalTests;
			productReference = E661507718AA862300D37984 /* JournalTests.xctest */;
			productType = "com.apple.product-type.bundle.unit-test";
		};
		E66A0D6918AE5EF0003FD266 /* Journal-iOS */ = {
			isa = PBXNativeTarget;
			buildConfigurationList = E66A0D8A18AE5EF0003FD266 /* Build configuration list for PBXNativeTarget "Journal-iOS" */;
			buildPhases = (
				E66A0D6618AE5EF0003FD266 /* Sources */,
				E66A0D6718AE5EF0003FD266 /* Frameworks */,
				E66A0D6818AE5EF0003FD266 /* CopyFiles */,
			);
			buildRules = (
			);
			dependencies = (
			);
			name = "Journal-iOS";
			productName = "Journal-iOS";
			productReference = E66A0D6A18AE5EF0003FD266 /* libJournal-iOS.a */;
			productType = "com.apple.product-type.library.static";
		};
		E66A0D7618AE5EF0003FD266 /* Journal-iOSTests */ = {
			isa = PBXNativeTarget;
			buildConfigurationList = E66A0D8B18AE5EF0003FD266 /* Build configuration list for PBXNativeTarget "Journal-iOSTests" */;
			buildPhases = (
				E66A0D7318AE5EF0003FD266 /* Sources */,
				E66A0D7418AE5EF0003FD266 /* Frameworks */,
				E66A0D7518AE5EF0003FD266 /* Resources */,
			);
			buildRules = (
			);
			dependencies = (
				E66A0D7C18AE5EF0003FD266 /* PBXTargetDependency */,
			);
			name = "Journal-iOSTests";
			productName = "Journal-iOSTests";
			productReference = E66A0D7718AE5EF0003FD266 /* Journal-iOSTests.xctest */;
			productType = "com.apple.product-type.bundle.unit-test";
		};
		E66A0DE218AE6360003FD266 /* Journal-iOS-resources */ = {
			isa = PBXNativeTarget;
			buildConfigurationList = E66A0DED18AE6361003FD266 /* Build configuration list for PBXNativeTarget "Journal-iOS-resources" */;
			buildPhases = (
				E66A0DDF18AE6360003FD266 /* Sources */,
				E66A0DE018AE6360003FD266 /* Frameworks */,
				E66A0DE118AE6360003FD266 /* Resources */,
			);
			buildRules = (
			);
			dependencies = (
			);
			name = "Journal-iOS-resources";
			productName = "Journal-iOS-resources";
			productReference = E66A0DE318AE6360003FD266 /* Journal-iOS-resources.bundle */;
			productType = "com.apple.product-type.bundle";
		};
/* End PBXNativeTarget section */

/* Begin PBXProject section */
		E661504B18AA862300D37984 /* Project object */ = {
			isa = PBXProject;
			attributes = {
				LastUpgradeCheck = 0500;
				ORGANIZATIONNAME = Applifto;
				TargetAttributes = {
					E661505218AA862300D37984 = {
						DevelopmentTeam = 4X27QXT278;
					};
					E661507618AA862300D37984 = {
						TestTargetID = E661505218AA862300D37984;
					};
					E66A0D7618AE5EF0003FD266 = {
						TestTargetID = E661505218AA862300D37984;
					};
				};
			};
			buildConfigurationList = E661504E18AA862300D37984 /* Build configuration list for PBXProject "Journal" */;
			compatibilityVersion = "Xcode 3.2";
			developmentRegion = English;
			hasScannedForEncodings = 0;
			knownRegions = (
				en,
				Base,
			);
			mainGroup = E661504A18AA862300D37984;
			productRefGroup = E661505418AA862300D37984 /* Products */;
			projectDirPath = "";
			projectRoot = "";
			targets = (
				E661505218AA862300D37984 /* Journal */,
				E661507618AA862300D37984 /* JournalTests */,
				E66A0D6918AE5EF0003FD266 /* Journal-iOS */,
				E66A0D7618AE5EF0003FD266 /* Journal-iOSTests */,
				E66A0DE218AE6360003FD266 /* Journal-iOS-resources */,
			);
		};
/* End PBXProject section */

/* Begin PBXResourcesBuildPhase section */
		E661505118AA862300D37984 /* Resources */ = {
			isa = PBXResourcesBuildPhase;
			buildActionMask = 2147483647;
			files = (
				E67B345B18B25177005747F9 /* Journal-iOS-resources.bundle in Resources */,
				E661506D18AA862300D37984 /* Kinoplan-Journal_iPad.storyboard in Resources */,
				E661507218AA862300D37984 /* Images.xcassets in Resources */,
				E661506A18AA862300D37984 /* Kinoplan-Journal_iPhone.storyboard in Resources */,
				E661506118AA862300D37984 /* InfoPlist.strings in Resources */,
				D10DEEE53B3037CB09031E37 /* AppIcon-057.png in Resources */,
				D10DEA6AD78B41ED2EC36EA5 /* AppIcon-072.png in Resources */,
				D10DEE04DCAF57E475C2BE1B /* AppIcon-076.png in Resources */,
				D10DE5261BD1E374E2936C82 /* AppIcon-114.png in Resources */,
				D10DE4760D6B8ED65D5703C5 /* AppIcon-120.png in Resources */,
				D10DE5B1C0C7DD8E401CB10E /* AppIcon-144.png in Resources */,
				D10DE0D680C93F50B5996ACB /* AppIcon-152.png in Resources */,
				D10DEC425FDBAAA119648D4F /* Reader-Email.png in Resources */,
				D10DE12A4B3678A95ECF6ADC /* Reader-Print.png in Resources */,
				D10DE56E86D6C079738C78AF /* Reader-Mark-N.png in Resources */,
				D10DEA730099FBAE4E3D1991 /* Reader-Mark-Y.png in Resources */,
				D10DE2BB2B4E60FC21E1E022 /* Reader-Thumbs.png in Resources */,
				D10DECAE76119EC0E3992CFA /* Default-568h@2x.png in Resources */,
				D10DE4E80D605FC33AD2AF3B /* Reader-Button-H.png in Resources */,
				D10DEBF1AA17C42C7B1A9001 /* Reader-Button-N.png in Resources */,
				D10DEA2C94859F87A0759E11 /* Reader-Email@2x.png in Resources */,
				D10DEDD57F21E0AEBF321937 /* Reader-Print@2x.png in Resources */,
				D10DE37E98068C0A8054CBF6 /* Reader-Mark-N@2x.png in Resources */,
				D10DE35D34116B7087700C5F /* Reader-Mark-Y@2x.png in Resources */,
				D10DEE124E23ED379749C569 /* Reader-Thumbs@2x.png in Resources */,
				D10DE08B036F9EE28AF735E6 /* Reader-Button-H@2x.png in Resources */,
				D10DEBA31745C304DCED9158 /* Reader-Button-N@2x.png in Resources */,
			);
			runOnlyForDeploymentPostprocessing = 0;
		};
		E661507518AA862300D37984 /* Resources */ = {
			isa = PBXResourcesBuildPhase;
			buildActionMask = 2147483647;
			files = (
				E661508318AA862300D37984 /* InfoPlist.strings in Resources */,
			);
			runOnlyForDeploymentPostprocessing = 0;
		};
		E66A0D7518AE5EF0003FD266 /* Resources */ = {
			isa = PBXResourcesBuildPhase;
			buildActionMask = 2147483647;
			files = (
				E66A0D8318AE5EF0003FD266 /* InfoPlist.strings in Resources */,
			);
			runOnlyForDeploymentPostprocessing = 0;
		};
		E66A0DE118AE6360003FD266 /* Resources */ = {
			isa = PBXResourcesBuildPhase;
			buildActionMask = 2147483647;
			files = (
				E67B346118B2531F005747F9 /* InfoPlist.strings in Resources */,
				E66A0DF318AE63C0003FD266 /* journal1.pdf in Resources */,
				E67B344618B23ABA005747F9 /* Kinoplan-Journal_iPhone.storyboard in Resources */,
				E67B344718B23ABD005747F9 /* Kinoplan-Journal_iPad.storyboard in Resources */,
				E66A0DF218AE63BC003FD266 /* journal0.pdf in Resources */,
				E67B346318B2533A005747F9 /* Reader-Mark-Y@2x.png in Resources */,
				E67B346218B25337005747F9 /* Reader-Thumbs@2x.png in Resources */,
				E67B346918B2534E005747F9 /* Reader-Mark-N.png in Resources */,
				E67B346818B2534B005747F9 /* Reader-Mark-Y.png in Resources */,
				E67B346718B25348005747F9 /* Reader-Thumbs.png in Resources */,
				E67B346418B2533E005747F9 /* Reader-Mark-N@2x.png in Resources */,
			);
			runOnlyForDeploymentPostprocessing = 0;
		};
/* End PBXResourcesBuildPhase section */

/* Begin PBXSourcesBuildPhase section */
		E661504F18AA862300D37984 /* Sources */ = {
			isa = PBXSourcesBuildPhase;
			buildActionMask = 2147483647;
			files = (
				E661509A18AA9D3600D37984 /* KPJStandViewCell.m in Sources */,
				E6C447CE18AAC877003B5F5E /* ThumbsMainToolbar.m in Sources */,
				E6C447CF18AAC877003B5F5E /* ThumbsViewController.m in Sources */,
				E661509E18AA9E7600D37984 /* KPJJournal.xcdatamodeld in Sources */,
				E6C91B3D18B512E600E9F46E /* KPJJournal.m in Sources */,
				E6C447C118AAC877003B5F5E /* ReaderContentView.m in Sources */,
				E6C447C618AAC877003B5F5E /* ReaderThumbCache.m in Sources */,
				E6C447C418AAC877003B5F5E /* ReaderMainPagebar.m in Sources */,
				E6C447BD18AAC877003B5F5E /* CGPDFDocument.m in Sources */,
				E6C447C218AAC877003B5F5E /* ReaderDocument.m in Sources */,
				E6C447CC18AAC877003B5F5E /* ReaderThumbView.m in Sources */,
				E6C447CB18AAC877003B5F5E /* ReaderThumbsView.m in Sources */,
				E6C447BF18AAC877003B5F5E /* ReaderContentPage.m in Sources */,
				E6C447C818AAC877003B5F5E /* ReaderThumbQueue.m in Sources */,
				E6C447BE18AAC877003B5F5E /* ReaderConstants.m in Sources */,
				E6C447CA18AAC877003B5F5E /* ReaderThumbRequest.m in Sources */,
				E6C447C718AAC877003B5F5E /* ReaderThumbFetch.m in Sources */,
				E6C447CD18AAC877003B5F5E /* ReaderViewController.m in Sources */,
				E6C447C318AAC877003B5F5E /* ReaderDocumentOutline.m in Sources */,
				E661506718AA862300D37984 /* AppDelegate.m in Sources */,
				E661509518AA8A7300D37984 /* KPJStandViewController.m in Sources */,
				E6C447D018AAC877003B5F5E /* UIXToolbarView.m in Sources */,
				E6C447C018AAC877003B5F5E /* ReaderContentTile.m in Sources */,
				E6C447C918AAC877003B5F5E /* ReaderThumbRender.m in Sources */,
				E6C447C518AAC877003B5F5E /* ReaderMainToolbar.m in Sources */,
				E661506318AA862300D37984 /* main.m in Sources */,
				D10DE902E242CB2DF2B869E6 /* KPJCoreDataManager.m in Sources */,
				D10DE4AF16C709A4694D779C /* KPJPreviewLoader.m in Sources */,
			);
			runOnlyForDeploymentPostprocessing = 0;
		};
		E661507318AA862300D37984 /* Sources */ = {
			isa = PBXSourcesBuildPhase;
			buildActionMask = 2147483647;
			files = (
				E661508518AA862300D37984 /* JournalTests.m in Sources */,
			);
			runOnlyForDeploymentPostprocessing = 0;
		};
		E66A0D6618AE5EF0003FD266 /* Sources */ = {
			isa = PBXSourcesBuildPhase;
			buildActionMask = 2147483647;
			files = (
				E66A0D8D18AE6003003FD266 /* CGPDFDocument.m in Sources */,
				E66A0D8F18AE6003003FD266 /* ReaderConstants.m in Sources */,
				E66A0D9118AE6003003FD266 /* ReaderContentPage.m in Sources */,
				E66A0D9318AE6003003FD266 /* ReaderContentTile.m in Sources */,
				E66A0D9518AE6003003FD266 /* ReaderContentView.m in Sources */,
				E66A0D9718AE6003003FD266 /* ReaderDocument.m in Sources */,
				E66A0D9918AE6003003FD266 /* ReaderDocumentOutline.m in Sources */,
				E66A0D9B18AE6003003FD266 /* ReaderMainPagebar.m in Sources */,
				E66A0D9D18AE6003003FD266 /* ReaderMainToolbar.m in Sources */,
				E66A0D9F18AE6003003FD266 /* ReaderThumbCache.m in Sources */,
				E66A0DA118AE6003003FD266 /* ReaderThumbFetch.m in Sources */,
				E66A0DA318AE6003003FD266 /* ReaderThumbQueue.m in Sources */,
				E66A0DA518AE6003003FD266 /* ReaderThumbRender.m in Sources */,
				E66A0DA718AE6003003FD266 /* ReaderThumbRequest.m in Sources */,
				E66A0DA918AE6003003FD266 /* ReaderThumbsView.m in Sources */,
				E66A0DAB18AE6003003FD266 /* ReaderThumbView.m in Sources */,
				E66A0DAD18AE6003003FD266 /* ReaderViewController.m in Sources */,
				E66A0DAF18AE6003003FD266 /* ThumbsMainToolbar.m in Sources */,
				E66A0DB118AE6003003FD266 /* ThumbsViewController.m in Sources */,
				E66A0DB318AE6003003FD266 /* UIXToolbarView.m in Sources */,
				E66A0DB518AE6003003FD266 /* AppDelegate.m in Sources */,
				E66A0DB718AE6003003FD266 /* KPJStandViewController.m in Sources */,
				E66A0DB918AE6003003FD266 /* KPJStandViewCell.m in Sources */,
				E6C91B3E18B512E600E9F46E /* KPJJournal.m in Sources */,
				E66A0D7218AE5EF0003FD266 /* Journal_iOS.m in Sources */,
				D10DEE5B4DF6CDBFDEF592FC /* KPJCoreDataManager.m in Sources */,
				D10DEC55DD516F539839075A /* KPJPreviewLoader.m in Sources */,
			);
			runOnlyForDeploymentPostprocessing = 0;
		};
		E66A0D7318AE5EF0003FD266 /* Sources */ = {
			isa = PBXSourcesBuildPhase;
			buildActionMask = 2147483647;
			files = (
				E66A0D8518AE5EF0003FD266 /* Journal_iOSTests.m in Sources */,
			);
			runOnlyForDeploymentPostprocessing = 0;
		};
		E66A0DDF18AE6360003FD266 /* Sources */ = {
			isa = PBXSourcesBuildPhase;
			buildActionMask = 2147483647;
			files = (
				E67B345518B24579005747F9 /* KPJJournal.xcdatamodeld in Sources */,
			);
			runOnlyForDeploymentPostprocessing = 0;
		};
/* End PBXSourcesBuildPhase section */

/* Begin PBXTargetDependency section */
		E661507D18AA862300D37984 /* PBXTargetDependency */ = {
			isa = PBXTargetDependency;
			target = E661505218AA862300D37984 /* Journal */;
			targetProxy = E661507C18AA862300D37984 /* PBXContainerItemProxy */;
		};
		E66A0D7C18AE5EF0003FD266 /* PBXTargetDependency */ = {
			isa = PBXTargetDependency;
			target = E66A0D6918AE5EF0003FD266 /* Journal-iOS */;
			targetProxy = E66A0D7B18AE5EF0003FD266 /* PBXContainerItemProxy */;
		};
		E67B345D18B2517F005747F9 /* PBXTargetDependency */ = {
			isa = PBXTargetDependency;
			target = E66A0DE218AE6360003FD266 /* Journal-iOS-resources */;
			targetProxy = E67B345C18B2517F005747F9 /* PBXContainerItemProxy */;
		};
/* End PBXTargetDependency section */

/* Begin PBXVariantGroup section */
		E661505F18AA862300D37984 /* InfoPlist.strings */ = {
			isa = PBXVariantGroup;
			children = (
				E661506018AA862300D37984 /* en */,
			);
			name = InfoPlist.strings;
			sourceTree = "<group>";
		};
		E661506818AA862300D37984 /* Kinoplan-Journal_iPhone.storyboard */ = {
			isa = PBXVariantGroup;
			children = (
				E661506918AA862300D37984 /* Base */,
			);
			name = "Kinoplan-Journal_iPhone.storyboard";
			sourceTree = "<group>";
		};
		E661506B18AA862300D37984 /* Kinoplan-Journal_iPad.storyboard */ = {
			isa = PBXVariantGroup;
			children = (
				E661506C18AA862300D37984 /* Base */,
			);
			name = "Kinoplan-Journal_iPad.storyboard";
			sourceTree = "<group>";
		};
		E661508118AA862300D37984 /* InfoPlist.strings */ = {
			isa = PBXVariantGroup;
			children = (
				E661508218AA862300D37984 /* en */,
			);
			name = InfoPlist.strings;
			sourceTree = "<group>";
		};
		E66A0D8118AE5EF0003FD266 /* InfoPlist.strings */ = {
			isa = PBXVariantGroup;
			children = (
				E66A0D8218AE5EF0003FD266 /* en */,
			);
			name = InfoPlist.strings;
			sourceTree = "<group>";
		};
		E66A0DE918AE6360003FD266 /* InfoPlist.strings */ = {
			isa = PBXVariantGroup;
			children = (
				E66A0DEA18AE6360003FD266 /* en */,
			);
			name = InfoPlist.strings;
			sourceTree = "<group>";
		};
/* End PBXVariantGroup section */

/* Begin XCBuildConfiguration section */
		E661508618AA862300D37984 /* Debug */ = {
			isa = XCBuildConfiguration;
			buildSettings = {
				ALWAYS_SEARCH_USER_PATHS = NO;
				ARCHS = "$(ARCHS_STANDARD_INCLUDING_64_BIT)";
				CLANG_CXX_LANGUAGE_STANDARD = "gnu++0x";
				CLANG_CXX_LIBRARY = "libc++";
				CLANG_ENABLE_MODULES = YES;
				CLANG_ENABLE_OBJC_ARC = YES;
				CLANG_WARN_BOOL_CONVERSION = YES;
				CLANG_WARN_CONSTANT_CONVERSION = YES;
				CLANG_WARN_DIRECT_OBJC_ISA_USAGE = YES_ERROR;
				CLANG_WARN_EMPTY_BODY = YES;
				CLANG_WARN_ENUM_CONVERSION = YES;
				CLANG_WARN_INT_CONVERSION = YES;
				CLANG_WARN_OBJC_ROOT_CLASS = YES_ERROR;
				CLANG_WARN__DUPLICATE_METHOD_MATCH = YES;
				"CODE_SIGN_IDENTITY[sdk=iphoneos*]" = "iPhone Developer";
				COPY_PHASE_STRIP = NO;
				GCC_C_LANGUAGE_STANDARD = gnu99;
				GCC_DYNAMIC_NO_PIC = NO;
				GCC_OPTIMIZATION_LEVEL = 0;
				GCC_PREPROCESSOR_DEFINITIONS = (
					"DEBUG=1",
					"$(inherited)",
				);
				GCC_SYMBOLS_PRIVATE_EXTERN = NO;
				GCC_WARN_64_TO_32_BIT_CONVERSION = YES;
				GCC_WARN_ABOUT_RETURN_TYPE = YES_ERROR;
				GCC_WARN_UNDECLARED_SELECTOR = YES;
				GCC_WARN_UNINITIALIZED_AUTOS = YES;
				GCC_WARN_UNUSED_FUNCTION = YES;
				GCC_WARN_UNUSED_VARIABLE = YES;
				IPHONEOS_DEPLOYMENT_TARGET = 7.0;
				ONLY_ACTIVE_ARCH = YES;
				SDKROOT = iphoneos;
				TARGETED_DEVICE_FAMILY = "1,2";
			};
			name = Debug;
		};
		E661508718AA862300D37984 /* Release */ = {
			isa = XCBuildConfiguration;
			buildSettings = {
				ALWAYS_SEARCH_USER_PATHS = NO;
				ARCHS = "$(ARCHS_STANDARD_INCLUDING_64_BIT)";
				CLANG_CXX_LANGUAGE_STANDARD = "gnu++0x";
				CLANG_CXX_LIBRARY = "libc++";
				CLANG_ENABLE_MODULES = YES;
				CLANG_ENABLE_OBJC_ARC = YES;
				CLANG_WARN_BOOL_CONVERSION = YES;
				CLANG_WARN_CONSTANT_CONVERSION = YES;
				CLANG_WARN_DIRECT_OBJC_ISA_USAGE = YES_ERROR;
				CLANG_WARN_EMPTY_BODY = YES;
				CLANG_WARN_ENUM_CONVERSION = YES;
				CLANG_WARN_INT_CONVERSION = YES;
				CLANG_WARN_OBJC_ROOT_CLASS = YES_ERROR;
				CLANG_WARN__DUPLICATE_METHOD_MATCH = YES;
				"CODE_SIGN_IDENTITY[sdk=iphoneos*]" = "iPhone Developer";
				COPY_PHASE_STRIP = YES;
				ENABLE_NS_ASSERTIONS = NO;
				GCC_C_LANGUAGE_STANDARD = gnu99;
				GCC_WARN_64_TO_32_BIT_CONVERSION = YES;
				GCC_WARN_ABOUT_RETURN_TYPE = YES_ERROR;
				GCC_WARN_UNDECLARED_SELECTOR = YES;
				GCC_WARN_UNINITIALIZED_AUTOS = YES;
				GCC_WARN_UNUSED_FUNCTION = YES;
				GCC_WARN_UNUSED_VARIABLE = YES;
				IPHONEOS_DEPLOYMENT_TARGET = 7.0;
				SDKROOT = iphoneos;
				TARGETED_DEVICE_FAMILY = "1,2";
				VALIDATE_PRODUCT = YES;
			};
			name = Release;
		};
		E661508918AA862300D37984 /* Debug */ = {
			isa = XCBuildConfiguration;
			buildSettings = {
				ASSETCATALOG_COMPILER_APPICON_NAME = AppIcon;
				ASSETCATALOG_COMPILER_LAUNCHIMAGE_NAME = LaunchImage;
				CODE_SIGN_IDENTITY = "iPhone Developer";
				FRAMEWORK_SEARCH_PATHS = (
					"$(inherited)",
					"/Users/wiruzx/Developer/objc-workspace/Kinoplan-iOS/Submodules/Kinoplan-Journal",
					"/Users/wiruzx/Developer/objc-workspace/Kinoplan-iOS/Submodules/Kinoplan-Journal/External",
				);
				GCC_PRECOMPILE_PREFIX_HEADER = YES;
				GCC_PREFIX_HEADER = "Journal/Journal-Prefix.pch";
				INFOPLIST_FILE = "Journal/Journal-Info.plist";
				IPHONEOS_DEPLOYMENT_TARGET = 6.0;
				PRODUCT_NAME = "$(TARGET_NAME)";
				PROVISIONING_PROFILE = "2AE7C9A1-39C7-4C65-9B71-60CDE12086CA";
				WRAPPER_EXTENSION = app;
			};
			name = Debug;
		};
		E661508A18AA862300D37984 /* Release */ = {
			isa = XCBuildConfiguration;
			buildSettings = {
				ASSETCATALOG_COMPILER_APPICON_NAME = AppIcon;
				ASSETCATALOG_COMPILER_LAUNCHIMAGE_NAME = LaunchImage;
				CODE_SIGN_IDENTITY = "iPhone Developer";
				FRAMEWORK_SEARCH_PATHS = (
					"$(inherited)",
					"/Users/wiruzx/Developer/objc-workspace/Kinoplan-iOS/Submodules/Kinoplan-Journal",
					"/Users/wiruzx/Developer/objc-workspace/Kinoplan-iOS/Submodules/Kinoplan-Journal/External",
				);
				GCC_PRECOMPILE_PREFIX_HEADER = YES;
				GCC_PREFIX_HEADER = "Journal/Journal-Prefix.pch";
				INFOPLIST_FILE = "Journal/Journal-Info.plist";
				IPHONEOS_DEPLOYMENT_TARGET = 6.0;
				PRODUCT_NAME = "$(TARGET_NAME)";
				WRAPPER_EXTENSION = app;
			};
			name = Release;
		};
		E661508C18AA862300D37984 /* Debug */ = {
			isa = XCBuildConfiguration;
			buildSettings = {
				ARCHS = "$(ARCHS_STANDARD_INCLUDING_64_BIT)";
				BUNDLE_LOADER = "$(BUILT_PRODUCTS_DIR)/Journal.app/Journal";
				FRAMEWORK_SEARCH_PATHS = (
					"$(SDKROOT)/Developer/Library/Frameworks",
					"$(inherited)",
					"$(DEVELOPER_FRAMEWORKS_DIR)",
				);
				GCC_PRECOMPILE_PREFIX_HEADER = YES;
				GCC_PREFIX_HEADER = "Journal/Journal-Prefix.pch";
				GCC_PREPROCESSOR_DEFINITIONS = (
					"DEBUG=1",
					"$(inherited)",
				);
				INFOPLIST_FILE = "JournalTests/JournalTests-Info.plist";
				PRODUCT_NAME = "$(TARGET_NAME)";
				TEST_HOST = "$(BUNDLE_LOADER)";
				WRAPPER_EXTENSION = xctest;
			};
			name = Debug;
		};
		E661508D18AA862300D37984 /* Release */ = {
			isa = XCBuildConfiguration;
			buildSettings = {
				ARCHS = "$(ARCHS_STANDARD_INCLUDING_64_BIT)";
				BUNDLE_LOADER = "$(BUILT_PRODUCTS_DIR)/Journal.app/Journal";
				FRAMEWORK_SEARCH_PATHS = (
					"$(SDKROOT)/Developer/Library/Frameworks",
					"$(inherited)",
					"$(DEVELOPER_FRAMEWORKS_DIR)",
				);
				GCC_PRECOMPILE_PREFIX_HEADER = YES;
				GCC_PREFIX_HEADER = "Journal/Journal-Prefix.pch";
				INFOPLIST_FILE = "JournalTests/JournalTests-Info.plist";
				PRODUCT_NAME = "$(TARGET_NAME)";
				TEST_HOST = "$(BUNDLE_LOADER)";
				WRAPPER_EXTENSION = xctest;
			};
			name = Release;
		};
		E66A0D8618AE5EF0003FD266 /* Debug */ = {
			isa = XCBuildConfiguration;
			buildSettings = {
				ARCHS = "$(ARCHS_STANDARD_INCLUDING_64_BIT)";
				DSTROOT = /tmp/Journal_iOS.dst;
				FRAMEWORK_SEARCH_PATHS = (
					"$(inherited)",
					"/Users/wiruzx/Developer/objc-workspace/Kinoplan-iOS/Submodules/Kinoplan-Journal",
					"/Users/wiruzx/Developer/objc-workspace/Kinoplan-iOS/Submodules/Kinoplan-Journal/External",
				);
				GCC_PRECOMPILE_PREFIX_HEADER = YES;
				GCC_PREFIX_HEADER = "Journal-iOS/Journal-iOS-Prefix.pch";
				GCC_PREPROCESSOR_DEFINITIONS = (
					"DEBUG=1",
					"$(inherited)",
				);
				ONLY_ACTIVE_ARCH = NO;
				OTHER_LDFLAGS = "-ObjC";
				PRODUCT_NAME = "$(TARGET_NAME)";
				SKIP_INSTALL = YES;
			};
			name = Debug;
		};
		E66A0D8718AE5EF0003FD266 /* Release */ = {
			isa = XCBuildConfiguration;
			buildSettings = {
				ARCHS = "$(ARCHS_STANDARD_INCLUDING_64_BIT)";
				DSTROOT = /tmp/Journal_iOS.dst;
				FRAMEWORK_SEARCH_PATHS = (
					"$(inherited)",
					"/Users/wiruzx/Developer/objc-workspace/Kinoplan-iOS/Submodules/Kinoplan-Journal",
					"/Users/wiruzx/Developer/objc-workspace/Kinoplan-iOS/Submodules/Kinoplan-Journal/External",
				);
				GCC_PRECOMPILE_PREFIX_HEADER = YES;
				GCC_PREFIX_HEADER = "Journal-iOS/Journal-iOS-Prefix.pch";
				OTHER_LDFLAGS = "-ObjC";
				PRODUCT_NAME = "$(TARGET_NAME)";
				SKIP_INSTALL = YES;
			};
			name = Release;
		};
		E66A0D8818AE5EF0003FD266 /* Debug */ = {
			isa = XCBuildConfiguration;
			buildSettings = {
				ARCHS = "$(ARCHS_STANDARD_INCLUDING_64_BIT)";
				BUNDLE_LOADER = "$(BUILT_PRODUCTS_DIR)/Journal.app/Journal";
				FRAMEWORK_SEARCH_PATHS = (
					"$(SDKROOT)/Developer/Library/Frameworks",
					"$(inherited)",
					"$(DEVELOPER_FRAMEWORKS_DIR)",
				);
				GCC_PRECOMPILE_PREFIX_HEADER = YES;
				GCC_PREFIX_HEADER = "Journal-iOS/Journal-iOS-Prefix.pch";
				GCC_PREPROCESSOR_DEFINITIONS = (
					"DEBUG=1",
					"$(inherited)",
				);
				INFOPLIST_FILE = "Journal-iOSTests/Journal-iOSTests-Info.plist";
				PRODUCT_NAME = "$(TARGET_NAME)";
				TEST_HOST = "$(BUNDLE_LOADER)";
				WRAPPER_EXTENSION = xctest;
			};
			name = Debug;
		};
		E66A0D8918AE5EF0003FD266 /* Release */ = {
			isa = XCBuildConfiguration;
			buildSettings = {
				ARCHS = "$(ARCHS_STANDARD_INCLUDING_64_BIT)";
				BUNDLE_LOADER = "$(BUILT_PRODUCTS_DIR)/Journal.app/Journal";
				FRAMEWORK_SEARCH_PATHS = (
					"$(SDKROOT)/Developer/Library/Frameworks",
					"$(inherited)",
					"$(DEVELOPER_FRAMEWORKS_DIR)",
				);
				GCC_PRECOMPILE_PREFIX_HEADER = YES;
				GCC_PREFIX_HEADER = "Journal-iOS/Journal-iOS-Prefix.pch";
				INFOPLIST_FILE = "Journal-iOSTests/Journal-iOSTests-Info.plist";
				PRODUCT_NAME = "$(TARGET_NAME)";
				TEST_HOST = "$(BUNDLE_LOADER)";
				WRAPPER_EXTENSION = xctest;
			};
			name = Release;
		};
		E66A0DEE18AE6361003FD266 /* Debug */ = {
			isa = XCBuildConfiguration;
			buildSettings = {
				COMBINE_HIDPI_IMAGES = NO;
				COMPRESS_PNG_FILES = YES;
				GCC_ENABLE_OBJC_EXCEPTIONS = YES;
				GCC_PRECOMPILE_PREFIX_HEADER = YES;
				GCC_PREFIX_HEADER = "Journal-iOS-resources/Journal-iOS-resources-Prefix.pch";
				GCC_PREPROCESSOR_DEFINITIONS = (
					"DEBUG=1",
					"$(inherited)",
				);
				INFOPLIST_FILE = "Journal-iOS-resources/Journal-iOS-resources-Info.plist";
				INSTALL_PATH = "$(LOCAL_LIBRARY_DIR)/Bundles";
				MACOSX_DEPLOYMENT_TARGET = 10.9;
				PRODUCT_NAME = "$(TARGET_NAME)";
				SDKROOT = iphoneos;
				WRAPPER_EXTENSION = bundle;
			};
			name = Debug;
		};
		E66A0DEF18AE6361003FD266 /* Release */ = {
			isa = XCBuildConfiguration;
			buildSettings = {
				COMBINE_HIDPI_IMAGES = NO;
				COMPRESS_PNG_FILES = YES;
				DEBUG_INFORMATION_FORMAT = "dwarf-with-dsym";
				GCC_ENABLE_OBJC_EXCEPTIONS = YES;
				GCC_PRECOMPILE_PREFIX_HEADER = YES;
				GCC_PREFIX_HEADER = "Journal-iOS-resources/Journal-iOS-resources-Prefix.pch";
				INFOPLIST_FILE = "Journal-iOS-resources/Journal-iOS-resources-Info.plist";
				INSTALL_PATH = "$(LOCAL_LIBRARY_DIR)/Bundles";
				MACOSX_DEPLOYMENT_TARGET = 10.9;
				PRODUCT_NAME = "$(TARGET_NAME)";
				SDKROOT = iphoneos;
				WRAPPER_EXTENSION = bundle;
			};
			name = Release;
		};
/* End XCBuildConfiguration section */

/* Begin XCConfigurationList section */
		E661504E18AA862300D37984 /* Build configuration list for PBXProject "Journal" */ = {
			isa = XCConfigurationList;
			buildConfigurations = (
				E661508618AA862300D37984 /* Debug */,
				E661508718AA862300D37984 /* Release */,
			);
			defaultConfigurationIsVisible = 0;
			defaultConfigurationName = Release;
		};
		E661508818AA862300D37984 /* Build configuration list for PBXNativeTarget "Journal" */ = {
			isa = XCConfigurationList;
			buildConfigurations = (
				E661508918AA862300D37984 /* Debug */,
				E661508A18AA862300D37984 /* Release */,
			);
			defaultConfigurationIsVisible = 0;
			defaultConfigurationName = Release;
		};
		E661508B18AA862300D37984 /* Build configuration list for PBXNativeTarget "JournalTests" */ = {
			isa = XCConfigurationList;
			buildConfigurations = (
				E661508C18AA862300D37984 /* Debug */,
				E661508D18AA862300D37984 /* Release */,
			);
			defaultConfigurationIsVisible = 0;
			defaultConfigurationName = Release;
		};
		E66A0D8A18AE5EF0003FD266 /* Build configuration list for PBXNativeTarget "Journal-iOS" */ = {
			isa = XCConfigurationList;
			buildConfigurations = (
				E66A0D8618AE5EF0003FD266 /* Debug */,
				E66A0D8718AE5EF0003FD266 /* Release */,
			);
			defaultConfigurationIsVisible = 0;
			defaultConfigurationName = Release;
		};
		E66A0D8B18AE5EF0003FD266 /* Build configuration list for PBXNativeTarget "Journal-iOSTests" */ = {
			isa = XCConfigurationList;
			buildConfigurations = (
				E66A0D8818AE5EF0003FD266 /* Debug */,
				E66A0D8918AE5EF0003FD266 /* Release */,
			);
			defaultConfigurationIsVisible = 0;
			defaultConfigurationName = Release;
		};
		E66A0DED18AE6361003FD266 /* Build configuration list for PBXNativeTarget "Journal-iOS-resources" */ = {
			isa = XCConfigurationList;
			buildConfigurations = (
				E66A0DEE18AE6361003FD266 /* Debug */,
				E66A0DEF18AE6361003FD266 /* Release */,
			);
			defaultConfigurationIsVisible = 0;
			defaultConfigurationName = Release;
		};
/* End XCConfigurationList section */

/* Begin XCVersionGroup section */
		E661509C18AA9E7600D37984 /* KPJJournal.xcdatamodeld */ = {
			isa = XCVersionGroup;
			children = (
				E661509D18AA9E7600D37984 /* KPJJournal.xcdatamodel */,
			);
			currentVersion = E661509D18AA9E7600D37984 /* KPJJournal.xcdatamodel */;
			path = KPJJournal.xcdatamodeld;
			sourceTree = "<group>";
			versionGroupType = wrapper.xcdatamodel;
		};
/* End XCVersionGroup section */
	};
	rootObject = E661504B18AA862300D37984 /* Project object */;
}
